PODS:
  - Alamofire (4.9.1)
  - BmoViewPager (5.0.0)
  - EmptyDataSet-Swift (5.0.0)
  - FittedSheets (1.4.5)
  - FSPagerView (0.8.3)
  - IHKeyboardAvoiding (4.7)
  - Kingfisher (4.10.1)
  - Moya (13.0.1):
    - Moya/Core (= 13.0.1)
  - Moya/Core (13.0.1):
    - Alamofire (~> 4.1)
    - Result (~> 4.1)
  - PinterestLayout (1.0.3)
  - PullToRefreshKit (0.8.8)
  - Result (4.1.0)
  - SwiftyJSON (5.0.0)
  - Toast-Swift (5.0.1)
  - ViewAnimator (2.7.0)

DEPENDENCIES:
  - BmoViewPager
  - EmptyDataSet-Swift
  - FittedSheets
  - FSPagerView
  - IHKeyboardAvoiding
  - Kingfisher
  - Moya
  - PinterestLayout
  - PullToRefreshKit
  - SwiftyJSON
  - Toast-Swift
  - ViewAnimator

SPEC REPOS:
  trunk:
    - Alamofire
    - BmoViewPager
    - EmptyDataSet-Swift
    - FittedSheets
    - FSPagerView
    - IHKeyboardAvoiding
    - Kingfisher
    - Moya
    - PinterestLayout
    - PullToRefreshKit
    - Result
    - SwiftyJSON
    - Toast-Swift
    - ViewAnimator

SPEC CHECKSUMS:
  Alamofire: 85e8a02c69d6020a0d734f6054870d7ecb75cf18
  BmoViewPager: 4bf4004de0a9ff51821cdadbb070ab707df3ac64
  EmptyDataSet-Swift: eb382c0c87a2d9c678077385a595cec52da38171
  FittedSheets: 7f754c9f6fb4ea330cbc57c652b594255f2a6819
  FSPagerView: 670405b2f18e2a87fa37f20b00de783e562c25a8
  IHKeyboardAvoiding: 4cae0880c3975feffa278495df894c5166e71ad0
  Kingfisher: c148cd7b47ebde9989f6bc7c27dcaa79d81279a0
  Moya: f4a4b80ff2f8a4ffc208dfb31cd91636622fee6e
  PinterestLayout: f1c7ec0254ffa842d69f1b43e4436c8ded4359b9
  PullToRefreshKit: 7cc53e720e69f135cffa1a57784dfb534f0222ab
  Result: bd966fac789cc6c1563440b348ab2598cc24d5c7
  SwiftyJSON: 36413e04c44ee145039d332b4f4e2d3e8d6c4db7
  Toast-Swift: 9b6a70f28b3bf0b96c40d46c0c4b9d6639846711
  ViewAnimator: 5af1c6f3b310f012bf081259c43717aa54fbae73

PODFILE CHECKSUM: 691adbf1367b46420989937987d3a525d2f68b3f

COCOAPODS: 1.9.1
