// !$*UTF8*$!
{
	archiveVersion = 1;
	classes = {
	};
	objectVersion = 51;
	objects = {

/* Begin PBXBuildFile section */
		4A087E099B666930EC6370CD /* Pods_prox_iMuzic.framework in Frameworks */ = {isa = PBXBuildFile; fileRef = 2B3E9C67016E733F5D77DF4A /* Pods_prox_iMuzic.framework */; };
		EA314483244173C300C43B77 /* SHA.swift in Sources */ = {isa = PBXBuildFile; fileRef = EA314482244173C300C43B77 /* SHA.swift */; };
		EA31448824418E0900C43B77 /* PlayListDetailVC.swift in Sources */ = {isa = PBXBuildFile; fileRef = EA31448624418E0900C43B77 /* PlayListDetailVC.swift */; };
		EA31448924418E0900C43B77 /* PlayListDetailVC.xib in Resources */ = {isa = PBXBuildFile; fileRef = EA31448724418E0900C43B77 /* PlayListDetailVC.xib */; };
		EA31448E2441938000C43B77 /* BannerDetailPLCell.swift in Sources */ = {isa = PBXBuildFile; fileRef = EA31448C2441938000C43B77 /* BannerDetailPLCell.swift */; };
		EA31448F2441938000C43B77 /* BannerDetailPLCell.xib in Resources */ = {isa = PBXBuildFile; fileRef = EA31448D2441938000C43B77 /* BannerDetailPLCell.xib */; };
		EA3144932441A7E700C43B77 /* SongItemsCell.swift in Sources */ = {isa = PBXBuildFile; fileRef = EA3144912441A7E700C43B77 /* SongItemsCell.swift */; };
		EA3144942441A7E700C43B77 /* SongItemsCell.xib in Resources */ = {isa = PBXBuildFile; fileRef = EA3144922441A7E700C43B77 /* SongItemsCell.xib */; };
		EA3144962441BA0900C43B77 /* SongModel.swift in Sources */ = {isa = PBXBuildFile; fileRef = EA3144952441BA0900C43B77 /* SongModel.swift */; };
		EA4C3D8A24487A5D00C04493 /* SettingCell.swift in Sources */ = {isa = PBXBuildFile; fileRef = EA4C3D8824487A5D00C04493 /* SettingCell.swift */; };
		EA4C3D8B24487A5D00C04493 /* SettingCell.xib in Resources */ = {isa = PBXBuildFile; fileRef = EA4C3D8924487A5D00C04493 /* SettingCell.xib */; };
		EA4C3D8D24487B6300C04493 /* Setting.xcassets in Resources */ = {isa = PBXBuildFile; fileRef = EA4C3D8C24487B6300C04493 /* Setting.xcassets */; };
		EA4C3D90244883E900C04493 /* SettingEnum.swift in Sources */ = {isa = PBXBuildFile; fileRef = EA4C3D8F244883E900C04493 /* SettingEnum.swift */; };
		EA4C3D962448970700C04493 /* BannerSettingVC.swift in Sources */ = {isa = PBXBuildFile; fileRef = EA4C3D942448970700C04493 /* BannerSettingVC.swift */; };
		EA4C3D972448970700C04493 /* BannerSettingVC.xib in Resources */ = {isa = PBXBuildFile; fileRef = EA4C3D952448970700C04493 /* BannerSettingVC.xib */; };
		EA4C3D9B24489E5700C04493 /* SettingXCell.swift in Sources */ = {isa = PBXBuildFile; fileRef = EA4C3D9924489E5700C04493 /* SettingXCell.swift */; };
		EA4C3D9C24489E5700C04493 /* SettingXCell.xib in Resources */ = {isa = PBXBuildFile; fileRef = EA4C3D9A24489E5700C04493 /* SettingXCell.xib */; };
		EA4C3DA02448AEE000C04493 /* SendEmailPP.swift in Sources */ = {isa = PBXBuildFile; fileRef = EA4C3D9E2448AEE000C04493 /* SendEmailPP.swift */; };
		EA4C3DA12448AEE000C04493 /* SendEmailPP.xib in Resources */ = {isa = PBXBuildFile; fileRef = EA4C3D9F2448AEE000C04493 /* SendEmailPP.xib */; };
		EA4C3DA42448B0AE00C04493 /* UITextView+extension.swift in Sources */ = {isa = PBXBuildFile; fileRef = EA4C3DA32448B0AE00C04493 /* UITextView+extension.swift */; };
		EA59AB822442E97B007AFA4C /* PlayerVC.swift in Sources */ = {isa = PBXBuildFile; fileRef = EA59AB802442E97B007AFA4C /* PlayerVC.swift */; };
		EA59AB832442E97B007AFA4C /* PlayerVC.xib in Resources */ = {isa = PBXBuildFile; fileRef = EA59AB812442E97B007AFA4C /* PlayerVC.xib */; };
		EA5A3CE7243CCAF6002E94D7 /* BubbleTabBar.swift in Sources */ = {isa = PBXBuildFile; fileRef = EA5A3CE4243CCAF6002E94D7 /* BubbleTabBar.swift */; };
		EA5A3CE8243CCAF6002E94D7 /* BubbleTabBarController.swift in Sources */ = {isa = PBXBuildFile; fileRef = EA5A3CE5243CCAF6002E94D7 /* BubbleTabBarController.swift */; };
		EA5A3CE9243CCAF6002E94D7 /* CBTabBarButton.swift in Sources */ = {isa = PBXBuildFile; fileRef = EA5A3CE6243CCAF6002E94D7 /* CBTabBarButton.swift */; };
		EA5A3CF3243CD049002E94D7 /* TabbarVC.swift in Sources */ = {isa = PBXBuildFile; fileRef = EA5A3CF1243CD049002E94D7 /* TabbarVC.swift */; };
		EA5A3CF4243CD049002E94D7 /* TabbarVC.xib in Resources */ = {isa = PBXBuildFile; fileRef = EA5A3CF2243CD049002E94D7 /* TabbarVC.xib */; };
		EA5A3CFA243CEEB3002E94D7 /* FavoritesVC.swift in Sources */ = {isa = PBXBuildFile; fileRef = EA5A3CF8243CEEB2002E94D7 /* FavoritesVC.swift */; };
		EA5A3CFB243CEEB3002E94D7 /* FavoritesVC.xib in Resources */ = {isa = PBXBuildFile; fileRef = EA5A3CF9243CEEB2002E94D7 /* FavoritesVC.xib */; };
		EA5A3CFD243D001C002E94D7 /* Home.xcassets in Resources */ = {isa = PBXBuildFile; fileRef = EA5A3CFC243D001C002E94D7 /* Home.xcassets */; };
		EA5A3D04243D019B002E94D7 /* BannerCell.swift in Sources */ = {isa = PBXBuildFile; fileRef = EA5A3D02243D019B002E94D7 /* BannerCell.swift */; };
		EA5A3D05243D019B002E94D7 /* BannerCell.xib in Resources */ = {isa = PBXBuildFile; fileRef = EA5A3D03243D019B002E94D7 /* BannerCell.xib */; };
		EA5A3D0D243D1122002E94D7 /* ItemsBannerCell.swift in Sources */ = {isa = PBXBuildFile; fileRef = EA5A3D0B243D1122002E94D7 /* ItemsBannerCell.swift */; };
		EA5A3D0E243D1122002E94D7 /* ItemsBannerCell.xib in Resources */ = {isa = PBXBuildFile; fileRef = EA5A3D0C243D1122002E94D7 /* ItemsBannerCell.xib */; };
		EA5A3D12243D6EB5002E94D7 /* MenuCell.swift in Sources */ = {isa = PBXBuildFile; fileRef = EA5A3D10243D6EB5002E94D7 /* MenuCell.swift */; };
		EA5A3D13243D6EB5002E94D7 /* MenuCell.xib in Resources */ = {isa = PBXBuildFile; fileRef = EA5A3D11243D6EB5002E94D7 /* MenuCell.xib */; };
		EA5A3D28243D728A002E94D7 /* Poppins-ExtraLight.ttf in Resources */ = {isa = PBXBuildFile; fileRef = EA5A3D15243D728A002E94D7 /* Poppins-ExtraLight.ttf */; };
		EA5A3D29243D728A002E94D7 /* Poppins-ThinItalic.ttf in Resources */ = {isa = PBXBuildFile; fileRef = EA5A3D16243D728A002E94D7 /* Poppins-ThinItalic.ttf */; };
		EA5A3D2A243D728A002E94D7 /* Poppins-ExtraLightItalic.ttf in Resources */ = {isa = PBXBuildFile; fileRef = EA5A3D17243D728A002E94D7 /* Poppins-ExtraLightItalic.ttf */; };
		EA5A3D2B243D728A002E94D7 /* Poppins-BoldItalic.ttf in Resources */ = {isa = PBXBuildFile; fileRef = EA5A3D18243D728A002E94D7 /* Poppins-BoldItalic.ttf */; };
		EA5A3D2C243D728A002E94D7 /* Poppins-Light.ttf in Resources */ = {isa = PBXBuildFile; fileRef = EA5A3D19243D728A002E94D7 /* Poppins-Light.ttf */; };
		EA5A3D2D243D728A002E94D7 /* Poppins-Medium.ttf in Resources */ = {isa = PBXBuildFile; fileRef = EA5A3D1A243D728A002E94D7 /* Poppins-Medium.ttf */; };
		EA5A3D2E243D728A002E94D7 /* Poppins-SemiBoldItalic.ttf in Resources */ = {isa = PBXBuildFile; fileRef = EA5A3D1B243D728A002E94D7 /* Poppins-SemiBoldItalic.ttf */; };
		EA5A3D2F243D728A002E94D7 /* Poppins-ExtraBoldItalic.ttf in Resources */ = {isa = PBXBuildFile; fileRef = EA5A3D1C243D728A002E94D7 /* Poppins-ExtraBoldItalic.ttf */; };
		EA5A3D30243D728A002E94D7 /* Poppins-ExtraBold.ttf in Resources */ = {isa = PBXBuildFile; fileRef = EA5A3D1D243D728A002E94D7 /* Poppins-ExtraBold.ttf */; };
		EA5A3D31243D728A002E94D7 /* Poppins-BlackItalic.ttf in Resources */ = {isa = PBXBuildFile; fileRef = EA5A3D1E243D728A002E94D7 /* Poppins-BlackItalic.ttf */; };
		EA5A3D32243D728A002E94D7 /* OFL.txt in Resources */ = {isa = PBXBuildFile; fileRef = EA5A3D1F243D728A002E94D7 /* OFL.txt */; };
		EA5A3D33243D728A002E94D7 /* Poppins-Regular.ttf in Resources */ = {isa = PBXBuildFile; fileRef = EA5A3D20243D728A002E94D7 /* Poppins-Regular.ttf */; };
		EA5A3D34243D728A002E94D7 /* Poppins-LightItalic.ttf in Resources */ = {isa = PBXBuildFile; fileRef = EA5A3D21243D728A002E94D7 /* Poppins-LightItalic.ttf */; };
		EA5A3D35243D728A002E94D7 /* Poppins-Bold.ttf in Resources */ = {isa = PBXBuildFile; fileRef = EA5A3D22243D728A002E94D7 /* Poppins-Bold.ttf */; };
		EA5A3D36243D728A002E94D7 /* Poppins-Black.ttf in Resources */ = {isa = PBXBuildFile; fileRef = EA5A3D23243D728A002E94D7 /* Poppins-Black.ttf */; };
		EA5A3D37243D728A002E94D7 /* Poppins-Thin.ttf in Resources */ = {isa = PBXBuildFile; fileRef = EA5A3D24243D728A002E94D7 /* Poppins-Thin.ttf */; };
		EA5A3D38243D728A002E94D7 /* Poppins-SemiBold.ttf in Resources */ = {isa = PBXBuildFile; fileRef = EA5A3D25243D728A002E94D7 /* Poppins-SemiBold.ttf */; };
		EA5A3D39243D728A002E94D7 /* Poppins-Italic.ttf in Resources */ = {isa = PBXBuildFile; fileRef = EA5A3D26243D728A002E94D7 /* Poppins-Italic.ttf */; };
		EA5A3D3A243D728A002E94D7 /* Poppins-MediumItalic.ttf in Resources */ = {isa = PBXBuildFile; fileRef = EA5A3D27243D728A002E94D7 /* Poppins-MediumItalic.ttf */; };
		EA621C89244040F2005F467C /* PlayList.xcassets in Resources */ = {isa = PBXBuildFile; fileRef = EA621C88244040F2005F467C /* PlayList.xcassets */; };
		EA621C8E24405806005F467C /* PlayListCell.swift in Sources */ = {isa = PBXBuildFile; fileRef = EA621C8C24405806005F467C /* PlayListCell.swift */; };
		EA621C8F24405806005F467C /* PlayListCell.xib in Resources */ = {isa = PBXBuildFile; fileRef = EA621C8D24405806005F467C /* PlayListCell.xib */; };
		EA621C972440A782005F467C /* PlayListFSCell.swift in Sources */ = {isa = PBXBuildFile; fileRef = EA621C952440A782005F467C /* PlayListFSCell.swift */; };
		EA621C982440A782005F467C /* PlayListFSCell.xib in Resources */ = {isa = PBXBuildFile; fileRef = EA621C962440A782005F467C /* PlayListFSCell.xib */; };
		EA621CB22440D8A8005F467C /* AddPlayListPopup.swift in Sources */ = {isa = PBXBuildFile; fileRef = EA621CB02440D8A8005F467C /* AddPlayListPopup.swift */; };
		EA621CB32440D8A8005F467C /* AddPlayListPopup.xib in Resources */ = {isa = PBXBuildFile; fileRef = EA621CB12440D8A8005F467C /* AddPlayListPopup.xib */; };
		EA6AE39C2445A2EF00C5A2EC /* SearchVC.swift in Sources */ = {isa = PBXBuildFile; fileRef = EA6AE39A2445A2EF00C5A2EC /* SearchVC.swift */; };
		EA6AE39D2445A2EF00C5A2EC /* SearchVC.xib in Resources */ = {isa = PBXBuildFile; fileRef = EA6AE39B2445A2EF00C5A2EC /* SearchVC.xib */; };
		EA6AE39F2445A5C700C5A2EC /* SearchModels.swift in Sources */ = {isa = PBXBuildFile; fileRef = EA6AE39E2445A5C700C5A2EC /* SearchModels.swift */; };
		EA6AE3A32445ABDD00C5A2EC /* PlayListLocalModels.swift in Sources */ = {isa = PBXBuildFile; fileRef = EA6AE3A22445ABDD00C5A2EC /* PlayListLocalModels.swift */; };
		EA6AE3A62445B08D00C5A2EC /* StoragePlayList.swift in Sources */ = {isa = PBXBuildFile; fileRef = EA6AE3A52445B08D00C5A2EC /* StoragePlayList.swift */; };
		EA6AE3AA2445D6CF00C5A2EC /* AddSongPopup.swift in Sources */ = {isa = PBXBuildFile; fileRef = EA6AE3A82445D6CF00C5A2EC /* AddSongPopup.swift */; };
		EA6AE3AB2445D6CF00C5A2EC /* AddSongPopup.xib in Resources */ = {isa = PBXBuildFile; fileRef = EA6AE3A92445D6CF00C5A2EC /* AddSongPopup.xib */; };
		EA6E1E842444DDD3007FE41B /* PlayListColVC.swift in Sources */ = {isa = PBXBuildFile; fileRef = EA6E1E822444DDD3007FE41B /* PlayListColVC.swift */; };
		EA6E1E852444DDD3007FE41B /* PlayListColVC.xib in Resources */ = {isa = PBXBuildFile; fileRef = EA6E1E832444DDD3007FE41B /* PlayListColVC.xib */; };
		EA76FFD02447613F009EFA39 /* FavoritePopup.swift in Sources */ = {isa = PBXBuildFile; fileRef = EA76FFCE2447613F009EFA39 /* FavoritePopup.swift */; };
		EA76FFD12447613F009EFA39 /* FavoritePopup.xib in Resources */ = {isa = PBXBuildFile; fileRef = EA76FFCF2447613F009EFA39 /* FavoritePopup.xib */; };
		EAB7400A243DA787007202A9 /* ListCollCell.swift in Sources */ = {isa = PBXBuildFile; fileRef = EAB74008243DA787007202A9 /* ListCollCell.swift */; };
		EAB7400B243DA787007202A9 /* ListCollCell.xib in Resources */ = {isa = PBXBuildFile; fileRef = EAB74009243DA787007202A9 /* ListCollCell.xib */; };
		EAB7400E243DB863007202A9 /* EnumsHome.swift in Sources */ = {isa = PBXBuildFile; fileRef = EAB7400D243DB863007202A9 /* EnumsHome.swift */; };
		EAB74012243DBA44007202A9 /* GenderCell.swift in Sources */ = {isa = PBXBuildFile; fileRef = EAB74010243DBA44007202A9 /* GenderCell.swift */; };
		EAB74013243DBA44007202A9 /* GenderCell.xib in Resources */ = {isa = PBXBuildFile; fileRef = EAB74011243DBA44007202A9 /* GenderCell.xib */; };
		EAB74017243DBA65007202A9 /* GenderColl.swift in Sources */ = {isa = PBXBuildFile; fileRef = EAB74015243DBA65007202A9 /* GenderColl.swift */; };
		EAB74018243DBA65007202A9 /* GenderColl.xib in Resources */ = {isa = PBXBuildFile; fileRef = EAB74016243DBA65007202A9 /* GenderColl.xib */; };
		EAB74022243DF575007202A9 /* MainListVC.swift in Sources */ = {isa = PBXBuildFile; fileRef = EAB74020243DF575007202A9 /* MainListVC.swift */; };
		EAB74023243DF575007202A9 /* MainListVC.xib in Resources */ = {isa = PBXBuildFile; fileRef = EAB74021243DF575007202A9 /* MainListVC.xib */; };
		EAB74025243E1930007202A9 /* String+Extension.swift in Sources */ = {isa = PBXBuildFile; fileRef = EAB74024243E1930007202A9 /* String+Extension.swift */; };
		EAB74029243E1F66007202A9 /* CateType.swift in Sources */ = {isa = PBXBuildFile; fileRef = EAB74028243E1F66007202A9 /* CateType.swift */; };
		EAB7402B243E1FF2007202A9 /* ImuzicServices.swift in Sources */ = {isa = PBXBuildFile; fileRef = EAB7402A243E1FF2007202A9 /* ImuzicServices.swift */; };
		EAB7402D243E213B007202A9 /* ImuzicAPIManager.swift in Sources */ = {isa = PBXBuildFile; fileRef = EAB7402C243E213B007202A9 /* ImuzicAPIManager.swift */; };
		EAB7402F243E3DED007202A9 /* PlayListModels.swift in Sources */ = {isa = PBXBuildFile; fileRef = EAB7402E243E3DEC007202A9 /* PlayListModels.swift */; };
		EAB74031243E571D007202A9 /* GradientView.swift in Sources */ = {isa = PBXBuildFile; fileRef = EAB74030243E571D007202A9 /* GradientView.swift */; };
		EAB74033243E5F08007202A9 /* GenresModels.swift in Sources */ = {isa = PBXBuildFile; fileRef = EAB74032243E5F08007202A9 /* GenresModels.swift */; };
		EADC0000243C5E60005D5502 /* UIColorExtension.swift in Sources */ = {isa = PBXBuildFile; fileRef = EADCFFEF243C5E60005D5502 /* UIColorExtension.swift */; };
		EADC0001243C5E60005D5502 /* UIColorInputError.swift in Sources */ = {isa = PBXBuildFile; fileRef = EADCFFF1243C5E60005D5502 /* UIColorInputError.swift */; };
		EADC0002243C5E60005D5502 /* macOS-Info.plist in Resources */ = {isa = PBXBuildFile; fileRef = EADCFFF3243C5E60005D5502 /* macOS-Info.plist */; };
		EADC0003243C5E61005D5502 /* watchOS-Info.plist in Resources */ = {isa = PBXBuildFile; fileRef = EADCFFF4243C5E60005D5502 /* watchOS-Info.plist */; };
		EADC0004243C5E61005D5502 /* iOS-Info.plist in Resources */ = {isa = PBXBuildFile; fileRef = EADCFFF5243C5E60005D5502 /* iOS-Info.plist */; };
		EADC0005243C5E61005D5502 /* StringExtension.swift in Sources */ = {isa = PBXBuildFile; fileRef = EADCFFF6243C5E60005D5502 /* StringExtension.swift */; };
		EADC0006243C5E61005D5502 /* TweePlaceholderTextField.swift in Sources */ = {isa = PBXBuildFile; fileRef = EADCFFF8243C5E60005D5502 /* TweePlaceholderTextField.swift */; };
		EADC0007243C5E61005D5502 /* TweeBorderedTextField.swift in Sources */ = {isa = PBXBuildFile; fileRef = EADCFFF9243C5E60005D5502 /* TweeBorderedTextField.swift */; };
		EADC0008243C5E61005D5502 /* WeakTargetProxy.swift in Sources */ = {isa = PBXBuildFile; fileRef = EADCFFFA243C5E60005D5502 /* WeakTargetProxy.swift */; };
		EADC0009243C5E61005D5502 /* TweeAttributedTextField.swift in Sources */ = {isa = PBXBuildFile; fileRef = EADCFFFB243C5E60005D5502 /* TweeAttributedTextField.swift */; };
		EADC000A243C5E61005D5502 /* TweeActiveTextField.swift in Sources */ = {isa = PBXBuildFile; fileRef = EADCFFFC243C5E60005D5502 /* TweeActiveTextField.swift */; };
		EADC000B243C5E61005D5502 /* FontAnimation.swift in Sources */ = {isa = PBXBuildFile; fileRef = EADCFFFD243C5E60005D5502 /* FontAnimation.swift */; };
		EADC0018243C5E8B005D5502 /* CoreSansGS45RegularItalic.ttf in Resources */ = {isa = PBXBuildFile; fileRef = EADC000F243C5E8B005D5502 /* CoreSansGS45RegularItalic.ttf */; };
		EADC0019243C5E8B005D5502 /* Silom.ttf in Resources */ = {isa = PBXBuildFile; fileRef = EADC0010243C5E8B005D5502 /* Silom.ttf */; };
		EADC001A243C5E8B005D5502 /* CoreSansGS25ExtraLight.ttf in Resources */ = {isa = PBXBuildFile; fileRef = EADC0011243C5E8B005D5502 /* CoreSansGS25ExtraLight.ttf */; };
		EADC001B243C5E8B005D5502 /* CoreSansGS35Light.ttf in Resources */ = {isa = PBXBuildFile; fileRef = EADC0012243C5E8B005D5502 /* CoreSansGS35Light.ttf */; };
		EADC001C243C5E8B005D5502 /* CoreSansGS65BoldItalic.ttf in Resources */ = {isa = PBXBuildFile; fileRef = EADC0013243C5E8B005D5502 /* CoreSansGS65BoldItalic.ttf */; };
		EADC001D243C5E8B005D5502 /* CoreSansGS55Medium.ttf in Resources */ = {isa = PBXBuildFile; fileRef = EADC0014243C5E8B005D5502 /* CoreSansGS55Medium.ttf */; };
		EADC001E243C5E8B005D5502 /* CoreSansGS45Regular.ttf in Resources */ = {isa = PBXBuildFile; fileRef = EADC0015243C5E8B005D5502 /* CoreSansGS45Regular.ttf */; };
		EADC001F243C5E8B005D5502 /* CoreSansGS65Bold.ttf in Resources */ = {isa = PBXBuildFile; fileRef = EADC0016243C5E8B005D5502 /* CoreSansGS65Bold.ttf */; };
		EADC0020243C5E8B005D5502 /* Effra_Trial_Rg1.ttf in Resources */ = {isa = PBXBuildFile; fileRef = EADC0017243C5E8B005D5502 /* Effra_Trial_Rg1.ttf */; };
		EADC0024243C6126005D5502 /* HomeVC.swift in Sources */ = {isa = PBXBuildFile; fileRef = EADC0022243C6126005D5502 /* HomeVC.swift */; };
		EADC0025243C6126005D5502 /* HomeVC.xib in Resources */ = {isa = PBXBuildFile; fileRef = EADC0023243C6126005D5502 /* HomeVC.xib */; };
		EADC0029243C6147005D5502 /* SettingVC.swift in Sources */ = {isa = PBXBuildFile; fileRef = EADC0027243C6147005D5502 /* SettingVC.swift */; };
		EADC002A243C6147005D5502 /* SettingVC.xib in Resources */ = {isa = PBXBuildFile; fileRef = EADC0028243C6147005D5502 /* SettingVC.xib */; };
		EADC002E243C616C005D5502 /* PlayListVC.swift in Sources */ = {isa = PBXBuildFile; fileRef = EADC002C243C616C005D5502 /* PlayListVC.swift */; };
		EADC002F243C616C005D5502 /* PlayListVC.xib in Resources */ = {isa = PBXBuildFile; fileRef = EADC002D243C616C005D5502 /* PlayListVC.xib */; };
		EADC0035243C674F005D5502 /* Tabbar.xcassets in Resources */ = {isa = PBXBuildFile; fileRef = EADC0034243C674F005D5502 /* Tabbar.xcassets */; };
		EADC0047243CA60E005D5502 /* DarkNavigationController.swift in Sources */ = {isa = PBXBuildFile; fileRef = EADC0044243CA60D005D5502 /* DarkNavigationController.swift */; };
		EADC0048243CA60E005D5502 /* BaseViewController.swift in Sources */ = {isa = PBXBuildFile; fileRef = EADC0045243CA60D005D5502 /* BaseViewController.swift */; };
		EADC0049243CA60E005D5502 /* BaseNavigationController.swift in Sources */ = {isa = PBXBuildFile; fileRef = EADC0046243CA60D005D5502 /* BaseNavigationController.swift */; };
		EADCFFBB243C57AF005D5502 /* AppDelegate.swift in Sources */ = {isa = PBXBuildFile; fileRef = EADCFFBA243C57AF005D5502 /* AppDelegate.swift */; };
		EADCFFC4243C57B4005D5502 /* Assets.xcassets in Resources */ = {isa = PBXBuildFile; fileRef = EADCFFC3243C57B4005D5502 /* Assets.xcassets */; };
		EADCFFC7243C57B4005D5502 /* LaunchScreen.storyboard in Resources */ = {isa = PBXBuildFile; fileRef = EADCFFC5243C57B4005D5502 /* LaunchScreen.storyboard */; };
		EADCFFD1243C58F1005D5502 /* AppDelegate+Config.swift in Sources */ = {isa = PBXBuildFile; fileRef = EADCFFD0243C58F1005D5502 /* AppDelegate+Config.swift */; };
		EADCFFDB243C5D18005D5502 /* ViewController+Extention.swift in Sources */ = {isa = PBXBuildFile; fileRef = EADCFFDA243C5D18005D5502 /* ViewController+Extention.swift */; };
		EADCFFDD243C5DD5005D5502 /* Application+Extentions.swift in Sources */ = {isa = PBXBuildFile; fileRef = EADCFFDC243C5DD5005D5502 /* Application+Extentions.swift */; };
		EADCFFDF243C5DDB005D5502 /* UITableView+Extention.swift in Sources */ = {isa = PBXBuildFile; fileRef = EADCFFDE243C5DDB005D5502 /* UITableView+Extention.swift */; };
		EADCFFE1243C5DE2005D5502 /* UICollectionView+Extention.swift in Sources */ = {isa = PBXBuildFile; fileRef = EADCFFE0243C5DE2005D5502 /* UICollectionView+Extention.swift */; };
		EADCFFE3243C5DE9005D5502 /* NSObject+Extentions.swift in Sources */ = {isa = PBXBuildFile; fileRef = EADCFFE2243C5DE9005D5502 /* NSObject+Extentions.swift */; };
		EADCFFE5243C5DF1005D5502 /* UIView+Extention.swift in Sources */ = {isa = PBXBuildFile; fileRef = EADCFFE4243C5DF1005D5502 /* UIView+Extention.swift */; };
		EADCFFE7243C5E05005D5502 /* UiTextField+Extention.swift in Sources */ = {isa = PBXBuildFile; fileRef = EADCFFE6243C5E05005D5502 /* UiTextField+Extention.swift */; };
		EADCFFEB243C5E1E005D5502 /* AppColors.swift in Sources */ = {isa = PBXBuildFile; fileRef = EADCFFE9243C5E1E005D5502 /* AppColors.swift */; };
		EADCFFEC243C5E1E005D5502 /* AppFonts.swift in Sources */ = {isa = PBXBuildFile; fileRef = EADCFFEA243C5E1E005D5502 /* AppFonts.swift */; };
		EAE612AC243F139B003BC53C /* UISegmentedControl+Extension.swift in Sources */ = {isa = PBXBuildFile; fileRef = EAE612AB243F139B003BC53C /* UISegmentedControl+Extension.swift */; };
		EAE612B0243F21E6003BC53C /* GendersVC.swift in Sources */ = {isa = PBXBuildFile; fileRef = EAE612AE243F21E6003BC53C /* GendersVC.swift */; };
		EAE612B1243F21E6003BC53C /* GendersVC.xib in Resources */ = {isa = PBXBuildFile; fileRef = EAE612AF243F21E6003BC53C /* GendersVC.xib */; };
		EAFA7030243F6369005BB6B8 /* LeftAlignedCollectionViewFlowLayout.swift in Sources */ = {isa = PBXBuildFile; fileRef = EAFA702F243F6369005BB6B8 /* LeftAlignedCollectionViewFlowLayout.swift */; };
/* End PBXBuildFile section */

/* Begin PBXFileReference section */
		2B3E9C67016E733F5D77DF4A /* Pods_prox_iMuzic.framework */ = {isa = PBXFileReference; explicitFileType = wrapper.framework; includeInIndex = 0; path = Pods_prox_iMuzic.framework; sourceTree = BUILT_PRODUCTS_DIR; };
		70913BFDD176EEA5EA505627 /* Pods-prox_iMuzic.release.xcconfig */ = {isa = PBXFileReference; includeInIndex = 1; lastKnownFileType = text.xcconfig; name = "Pods-prox_iMuzic.release.xcconfig"; path = "Target Support Files/Pods-prox_iMuzic/Pods-prox_iMuzic.release.xcconfig"; sourceTree = "<group>"; };
		80F532EF0F5C7D6DF3483A47 /* Pods-prox_iMuzic.debug.xcconfig */ = {isa = PBXFileReference; includeInIndex = 1; lastKnownFileType = text.xcconfig; name = "Pods-prox_iMuzic.debug.xcconfig"; path = "Target Support Files/Pods-prox_iMuzic/Pods-prox_iMuzic.debug.xcconfig"; sourceTree = "<group>"; };
		EA314482244173C300C43B77 /* SHA.swift */ = {isa = PBXFileReference; lastKnownFileType = sourcecode.swift; path = SHA.swift; sourceTree = "<group>"; };
		EA31448624418E0900C43B77 /* PlayListDetailVC.swift */ = {isa = PBXFileReference; lastKnownFileType = sourcecode.swift; path = PlayListDetailVC.swift; sourceTree = "<group>"; };
		EA31448724418E0900C43B77 /* PlayListDetailVC.xib */ = {isa = PBXFileReference; lastKnownFileType = file.xib; path = PlayListDetailVC.xib; sourceTree = "<group>"; };
		EA31448C2441938000C43B77 /* BannerDetailPLCell.swift */ = {isa = PBXFileReference; lastKnownFileType = sourcecode.swift; path = BannerDetailPLCell.swift; sourceTree = "<group>"; };
		EA31448D2441938000C43B77 /* BannerDetailPLCell.xib */ = {isa = PBXFileReference; lastKnownFileType = file.xib; path = BannerDetailPLCell.xib; sourceTree = "<group>"; };
		EA3144912441A7E700C43B77 /* SongItemsCell.swift */ = {isa = PBXFileReference; lastKnownFileType = sourcecode.swift; path = SongItemsCell.swift; sourceTree = "<group>"; };
		EA3144922441A7E700C43B77 /* SongItemsCell.xib */ = {isa = PBXFileReference; lastKnownFileType = file.xib; path = SongItemsCell.xib; sourceTree = "<group>"; };
		EA3144952441BA0900C43B77 /* SongModel.swift */ = {isa = PBXFileReference; fileEncoding = 4; lastKnownFileType = sourcecode.swift; path = SongModel.swift; sourceTree = "<group>"; };
		EA4C3D8824487A5D00C04493 /* SettingCell.swift */ = {isa = PBXFileReference; lastKnownFileType = sourcecode.swift; path = SettingCell.swift; sourceTree = "<group>"; };
		EA4C3D8924487A5D00C04493 /* SettingCell.xib */ = {isa = PBXFileReference; lastKnownFileType = file.xib; path = SettingCell.xib; sourceTree = "<group>"; };
		EA4C3D8C24487B6300C04493 /* Setting.xcassets */ = {isa = PBXFileReference; lastKnownFileType = folder.assetcatalog; path = Setting.xcassets; sourceTree = "<group>"; };
		EA4C3D8F244883E900C04493 /* SettingEnum.swift */ = {isa = PBXFileReference; fileEncoding = 4; lastKnownFileType = sourcecode.swift; path = SettingEnum.swift; sourceTree = "<group>"; };
		EA4C3D942448970700C04493 /* BannerSettingVC.swift */ = {isa = PBXFileReference; lastKnownFileType = sourcecode.swift; path = BannerSettingVC.swift; sourceTree = "<group>"; };
		EA4C3D952448970700C04493 /* BannerSettingVC.xib */ = {isa = PBXFileReference; lastKnownFileType = file.xib; path = BannerSettingVC.xib; sourceTree = "<group>"; };
		EA4C3D9924489E5700C04493 /* SettingXCell.swift */ = {isa = PBXFileReference; lastKnownFileType = sourcecode.swift; path = SettingXCell.swift; sourceTree = "<group>"; };
		EA4C3D9A24489E5700C04493 /* SettingXCell.xib */ = {isa = PBXFileReference; lastKnownFileType = file.xib; path = SettingXCell.xib; sourceTree = "<group>"; };
		EA4C3D9E2448AEE000C04493 /* SendEmailPP.swift */ = {isa = PBXFileReference; fileEncoding = 4; lastKnownFileType = sourcecode.swift; path = SendEmailPP.swift; sourceTree = "<group>"; };
		EA4C3D9F2448AEE000C04493 /* SendEmailPP.xib */ = {isa = PBXFileReference; fileEncoding = 4; lastKnownFileType = file.xib; path = SendEmailPP.xib; sourceTree = "<group>"; };
		EA4C3DA32448B0AE00C04493 /* UITextView+extension.swift */ = {isa = PBXFileReference; lastKnownFileType = sourcecode.swift; path = "UITextView+extension.swift"; sourceTree = "<group>"; };
		EA59AB802442E97B007AFA4C /* PlayerVC.swift */ = {isa = PBXFileReference; lastKnownFileType = sourcecode.swift; path = PlayerVC.swift; sourceTree = "<group>"; };
		EA59AB812442E97B007AFA4C /* PlayerVC.xib */ = {isa = PBXFileReference; lastKnownFileType = file.xib; path = PlayerVC.xib; sourceTree = "<group>"; };
		EA5A3CE4243CCAF6002E94D7 /* BubbleTabBar.swift */ = {isa = PBXFileReference; fileEncoding = 4; lastKnownFileType = sourcecode.swift; path = BubbleTabBar.swift; sourceTree = "<group>"; };
		EA5A3CE5243CCAF6002E94D7 /* BubbleTabBarController.swift */ = {isa = PBXFileReference; fileEncoding = 4; lastKnownFileType = sourcecode.swift; path = BubbleTabBarController.swift; sourceTree = "<group>"; };
		EA5A3CE6243CCAF6002E94D7 /* CBTabBarButton.swift */ = {isa = PBXFileReference; fileEncoding = 4; lastKnownFileType = sourcecode.swift; path = CBTabBarButton.swift; sourceTree = "<group>"; };
		EA5A3CF1243CD049002E94D7 /* TabbarVC.swift */ = {isa = PBXFileReference; lastKnownFileType = sourcecode.swift; path = TabbarVC.swift; sourceTree = "<group>"; };
		EA5A3CF2243CD049002E94D7 /* TabbarVC.xib */ = {isa = PBXFileReference; lastKnownFileType = file.xib; path = TabbarVC.xib; sourceTree = "<group>"; };
		EA5A3CF8243CEEB2002E94D7 /* FavoritesVC.swift */ = {isa = PBXFileReference; lastKnownFileType = sourcecode.swift; path = FavoritesVC.swift; sourceTree = "<group>"; };
		EA5A3CF9243CEEB2002E94D7 /* FavoritesVC.xib */ = {isa = PBXFileReference; lastKnownFileType = file.xib; path = FavoritesVC.xib; sourceTree = "<group>"; };
		EA5A3CFC243D001C002E94D7 /* Home.xcassets */ = {isa = PBXFileReference; lastKnownFileType = folder.assetcatalog; path = Home.xcassets; sourceTree = "<group>"; };
		EA5A3D02243D019B002E94D7 /* BannerCell.swift */ = {isa = PBXFileReference; lastKnownFileType = sourcecode.swift; path = BannerCell.swift; sourceTree = "<group>"; };
		EA5A3D03243D019B002E94D7 /* BannerCell.xib */ = {isa = PBXFileReference; lastKnownFileType = file.xib; path = BannerCell.xib; sourceTree = "<group>"; };
		EA5A3D0B243D1122002E94D7 /* ItemsBannerCell.swift */ = {isa = PBXFileReference; lastKnownFileType = sourcecode.swift; path = ItemsBannerCell.swift; sourceTree = "<group>"; };
		EA5A3D0C243D1122002E94D7 /* ItemsBannerCell.xib */ = {isa = PBXFileReference; lastKnownFileType = file.xib; path = ItemsBannerCell.xib; sourceTree = "<group>"; };
		EA5A3D10243D6EB5002E94D7 /* MenuCell.swift */ = {isa = PBXFileReference; lastKnownFileType = sourcecode.swift; path = MenuCell.swift; sourceTree = "<group>"; };
		EA5A3D11243D6EB5002E94D7 /* MenuCell.xib */ = {isa = PBXFileReference; lastKnownFileType = file.xib; path = MenuCell.xib; sourceTree = "<group>"; };
		EA5A3D15243D728A002E94D7 /* Poppins-ExtraLight.ttf */ = {isa = PBXFileReference; lastKnownFileType = file; path = "Poppins-ExtraLight.ttf"; sourceTree = "<group>"; };
		EA5A3D16243D728A002E94D7 /* Poppins-ThinItalic.ttf */ = {isa = PBXFileReference; lastKnownFileType = file; path = "Poppins-ThinItalic.ttf"; sourceTree = "<group>"; };
		EA5A3D17243D728A002E94D7 /* Poppins-ExtraLightItalic.ttf */ = {isa = PBXFileReference; lastKnownFileType = file; path = "Poppins-ExtraLightItalic.ttf"; sourceTree = "<group>"; };
		EA5A3D18243D728A002E94D7 /* Poppins-BoldItalic.ttf */ = {isa = PBXFileReference; lastKnownFileType = file; path = "Poppins-BoldItalic.ttf"; sourceTree = "<group>"; };
		EA5A3D19243D728A002E94D7 /* Poppins-Light.ttf */ = {isa = PBXFileReference; lastKnownFileType = file; path = "Poppins-Light.ttf"; sourceTree = "<group>"; };
		EA5A3D1A243D728A002E94D7 /* Poppins-Medium.ttf */ = {isa = PBXFileReference; lastKnownFileType = file; path = "Poppins-Medium.ttf"; sourceTree = "<group>"; };
		EA5A3D1B243D728A002E94D7 /* Poppins-SemiBoldItalic.ttf */ = {isa = PBXFileReference; lastKnownFileType = file; path = "Poppins-SemiBoldItalic.ttf"; sourceTree = "<group>"; };
		EA5A3D1C243D728A002E94D7 /* Poppins-ExtraBoldItalic.ttf */ = {isa = PBXFileReference; lastKnownFileType = file; path = "Poppins-ExtraBoldItalic.ttf"; sourceTree = "<group>"; };
		EA5A3D1D243D728A002E94D7 /* Poppins-ExtraBold.ttf */ = {isa = PBXFileReference; lastKnownFileType = file; path = "Poppins-ExtraBold.ttf"; sourceTree = "<group>"; };
		EA5A3D1E243D728A002E94D7 /* Poppins-BlackItalic.ttf */ = {isa = PBXFileReference; lastKnownFileType = file; path = "Poppins-BlackItalic.ttf"; sourceTree = "<group>"; };
		EA5A3D1F243D728A002E94D7 /* OFL.txt */ = {isa = PBXFileReference; fileEncoding = 4; lastKnownFileType = text; path = OFL.txt; sourceTree = "<group>"; };
		EA5A3D20243D728A002E94D7 /* Poppins-Regular.ttf */ = {isa = PBXFileReference; lastKnownFileType = file; path = "Poppins-Regular.ttf"; sourceTree = "<group>"; };
		EA5A3D21243D728A002E94D7 /* Poppins-LightItalic.ttf */ = {isa = PBXFileReference; lastKnownFileType = file; path = "Poppins-LightItalic.ttf"; sourceTree = "<group>"; };
		EA5A3D22243D728A002E94D7 /* Poppins-Bold.ttf */ = {isa = PBXFileReference; lastKnownFileType = file; path = "Poppins-Bold.ttf"; sourceTree = "<group>"; };
		EA5A3D23243D728A002E94D7 /* Poppins-Black.ttf */ = {isa = PBXFileReference; lastKnownFileType = file; path = "Poppins-Black.ttf"; sourceTree = "<group>"; };
		EA5A3D24243D728A002E94D7 /* Poppins-Thin.ttf */ = {isa = PBXFileReference; lastKnownFileType = file; path = "Poppins-Thin.ttf"; sourceTree = "<group>"; };
		EA5A3D25243D728A002E94D7 /* Poppins-SemiBold.ttf */ = {isa = PBXFileReference; lastKnownFileType = file; path = "Poppins-SemiBold.ttf"; sourceTree = "<group>"; };
		EA5A3D26243D728A002E94D7 /* Poppins-Italic.ttf */ = {isa = PBXFileReference; lastKnownFileType = file; path = "Poppins-Italic.ttf"; sourceTree = "<group>"; };
		EA5A3D27243D728A002E94D7 /* Poppins-MediumItalic.ttf */ = {isa = PBXFileReference; lastKnownFileType = file; path = "Poppins-MediumItalic.ttf"; sourceTree = "<group>"; };
		EA621C88244040F2005F467C /* PlayList.xcassets */ = {isa = PBXFileReference; lastKnownFileType = folder.assetcatalog; path = PlayList.xcassets; sourceTree = "<group>"; };
		EA621C8C24405806005F467C /* PlayListCell.swift */ = {isa = PBXFileReference; lastKnownFileType = sourcecode.swift; path = PlayListCell.swift; sourceTree = "<group>"; };
		EA621C8D24405806005F467C /* PlayListCell.xib */ = {isa = PBXFileReference; lastKnownFileType = file.xib; path = PlayListCell.xib; sourceTree = "<group>"; };
		EA621C952440A782005F467C /* PlayListFSCell.swift */ = {isa = PBXFileReference; lastKnownFileType = sourcecode.swift; path = PlayListFSCell.swift; sourceTree = "<group>"; };
		EA621C962440A782005F467C /* PlayListFSCell.xib */ = {isa = PBXFileReference; lastKnownFileType = file.xib; path = PlayListFSCell.xib; sourceTree = "<group>"; };
		EA621CB02440D8A8005F467C /* AddPlayListPopup.swift */ = {isa = PBXFileReference; lastKnownFileType = sourcecode.swift; path = AddPlayListPopup.swift; sourceTree = "<group>"; };
		EA621CB12440D8A8005F467C /* AddPlayListPopup.xib */ = {isa = PBXFileReference; lastKnownFileType = file.xib; path = AddPlayListPopup.xib; sourceTree = "<group>"; };
		EA6AE39A2445A2EF00C5A2EC /* SearchVC.swift */ = {isa = PBXFileReference; lastKnownFileType = sourcecode.swift; path = SearchVC.swift; sourceTree = "<group>"; };
		EA6AE39B2445A2EF00C5A2EC /* SearchVC.xib */ = {isa = PBXFileReference; lastKnownFileType = file.xib; path = SearchVC.xib; sourceTree = "<group>"; };
		EA6AE39E2445A5C700C5A2EC /* SearchModels.swift */ = {isa = PBXFileReference; fileEncoding = 4; lastKnownFileType = sourcecode.swift; path = SearchModels.swift; sourceTree = "<group>"; };
		EA6AE3A22445ABDD00C5A2EC /* PlayListLocalModels.swift */ = {isa = PBXFileReference; fileEncoding = 4; lastKnownFileType = sourcecode.swift; path = PlayListLocalModels.swift; sourceTree = "<group>"; };
		EA6AE3A52445B08D00C5A2EC /* StoragePlayList.swift */ = {isa = PBXFileReference; lastKnownFileType = sourcecode.swift; path = StoragePlayList.swift; sourceTree = "<group>"; };
		EA6AE3A82445D6CF00C5A2EC /* AddSongPopup.swift */ = {isa = PBXFileReference; lastKnownFileType = sourcecode.swift; path = AddSongPopup.swift; sourceTree = "<group>"; };
		EA6AE3A92445D6CF00C5A2EC /* AddSongPopup.xib */ = {isa = PBXFileReference; lastKnownFileType = file.xib; path = AddSongPopup.xib; sourceTree = "<group>"; };
		EA6E1E822444DDD3007FE41B /* PlayListColVC.swift */ = {isa = PBXFileReference; lastKnownFileType = sourcecode.swift; path = PlayListColVC.swift; sourceTree = "<group>"; };
		EA6E1E832444DDD3007FE41B /* PlayListColVC.xib */ = {isa = PBXFileReference; lastKnownFileType = file.xib; path = PlayListColVC.xib; sourceTree = "<group>"; };
		EA76FFCE2447613F009EFA39 /* FavoritePopup.swift */ = {isa = PBXFileReference; lastKnownFileType = sourcecode.swift; name = FavoritePopup.swift; path = prox_iMuzic/Scences/PlayListVC/Popup/AddSongPopup/FavoritePopup.swift; sourceTree = SOURCE_ROOT; };
		EA76FFCF2447613F009EFA39 /* FavoritePopup.xib */ = {isa = PBXFileReference; lastKnownFileType = file.xib; name = FavoritePopup.xib; path = prox_iMuzic/Scences/PlayListVC/Popup/AddSongPopup/FavoritePopup.xib; sourceTree = SOURCE_ROOT; };
		EAB74008243DA787007202A9 /* ListCollCell.swift */ = {isa = PBXFileReference; lastKnownFileType = sourcecode.swift; path = ListCollCell.swift; sourceTree = "<group>"; };
		EAB74009243DA787007202A9 /* ListCollCell.xib */ = {isa = PBXFileReference; lastKnownFileType = file.xib; path = ListCollCell.xib; sourceTree = "<group>"; };
		EAB7400D243DB863007202A9 /* EnumsHome.swift */ = {isa = PBXFileReference; lastKnownFileType = sourcecode.swift; path = EnumsHome.swift; sourceTree = "<group>"; };
		EAB74010243DBA44007202A9 /* GenderCell.swift */ = {isa = PBXFileReference; lastKnownFileType = sourcecode.swift; path = GenderCell.swift; sourceTree = "<group>"; };
		EAB74011243DBA44007202A9 /* GenderCell.xib */ = {isa = PBXFileReference; lastKnownFileType = file.xib; path = GenderCell.xib; sourceTree = "<group>"; };
		EAB74015243DBA65007202A9 /* GenderColl.swift */ = {isa = PBXFileReference; lastKnownFileType = sourcecode.swift; path = GenderColl.swift; sourceTree = "<group>"; };
		EAB74016243DBA65007202A9 /* GenderColl.xib */ = {isa = PBXFileReference; lastKnownFileType = file.xib; path = GenderColl.xib; sourceTree = "<group>"; };
		EAB74020243DF575007202A9 /* MainListVC.swift */ = {isa = PBXFileReference; lastKnownFileType = sourcecode.swift; path = MainListVC.swift; sourceTree = "<group>"; };
		EAB74021243DF575007202A9 /* MainListVC.xib */ = {isa = PBXFileReference; lastKnownFileType = file.xib; path = MainListVC.xib; sourceTree = "<group>"; };
		EAB74024243E1930007202A9 /* String+Extension.swift */ = {isa = PBXFileReference; lastKnownFileType = sourcecode.swift; path = "String+Extension.swift"; sourceTree = "<group>"; };
		EAB74028243E1F66007202A9 /* CateType.swift */ = {isa = PBXFileReference; fileEncoding = 4; lastKnownFileType = sourcecode.swift; path = CateType.swift; sourceTree = "<group>"; };
		EAB7402A243E1FF2007202A9 /* ImuzicServices.swift */ = {isa = PBXFileReference; lastKnownFileType = sourcecode.swift; path = ImuzicServices.swift; sourceTree = "<group>"; };
		EAB7402C243E213B007202A9 /* ImuzicAPIManager.swift */ = {isa = PBXFileReference; lastKnownFileType = sourcecode.swift; path = ImuzicAPIManager.swift; sourceTree = "<group>"; };
		EAB7402E243E3DEC007202A9 /* PlayListModels.swift */ = {isa = PBXFileReference; fileEncoding = 4; lastKnownFileType = sourcecode.swift; path = PlayListModels.swift; sourceTree = "<group>"; };
		EAB74030243E571D007202A9 /* GradientView.swift */ = {isa = PBXFileReference; lastKnownFileType = sourcecode.swift; path = GradientView.swift; sourceTree = "<group>"; };
		EAB74032243E5F08007202A9 /* GenresModels.swift */ = {isa = PBXFileReference; fileEncoding = 4; lastKnownFileType = sourcecode.swift; path = GenresModels.swift; sourceTree = "<group>"; };
		EADC000F243C5E8B005D5502 /* CoreSansGS45RegularItalic.ttf */ = {isa = PBXFileReference; lastKnownFileType = file; path = CoreSansGS45RegularItalic.ttf; sourceTree = "<group>"; };
		EADC0010243C5E8B005D5502 /* Silom.ttf */ = {isa = PBXFileReference; lastKnownFileType = file; path = Silom.ttf; sourceTree = "<group>"; };
		EADC0011243C5E8B005D5502 /* CoreSansGS25ExtraLight.ttf */ = {isa = PBXFileReference; lastKnownFileType = file; path = CoreSansGS25ExtraLight.ttf; sourceTree = "<group>"; };
		EADC0012243C5E8B005D5502 /* CoreSansGS35Light.ttf */ = {isa = PBXFileReference; lastKnownFileType = file; path = CoreSansGS35Light.ttf; sourceTree = "<group>"; };
		EADC0013243C5E8B005D5502 /* CoreSansGS65BoldItalic.ttf */ = {isa = PBXFileReference; lastKnownFileType = file; path = CoreSansGS65BoldItalic.ttf; sourceTree = "<group>"; };
		EADC0014243C5E8B005D5502 /* CoreSansGS55Medium.ttf */ = {isa = PBXFileReference; lastKnownFileType = file; path = CoreSansGS55Medium.ttf; sourceTree = "<group>"; };
		EADC0015243C5E8B005D5502 /* CoreSansGS45Regular.ttf */ = {isa = PBXFileReference; lastKnownFileType = file; path = CoreSansGS45Regular.ttf; sourceTree = "<group>"; };
		EADC0016243C5E8B005D5502 /* CoreSansGS65Bold.ttf */ = {isa = PBXFileReference; lastKnownFileType = file; path = CoreSansGS65Bold.ttf; sourceTree = "<group>"; };
		EADC0017243C5E8B005D5502 /* Effra_Trial_Rg1.ttf */ = {isa = PBXFileReference; lastKnownFileType = file; path = Effra_Trial_Rg1.ttf; sourceTree = "<group>"; };
		EADC0022243C6126005D5502 /* HomeVC.swift */ = {isa = PBXFileReference; lastKnownFileType = sourcecode.swift; path = HomeVC.swift; sourceTree = "<group>"; };
		EADC0023243C6126005D5502 /* HomeVC.xib */ = {isa = PBXFileReference; lastKnownFileType = file.xib; path = HomeVC.xib; sourceTree = "<group>"; };
		EADC0027243C6147005D5502 /* SettingVC.swift */ = {isa = PBXFileReference; lastKnownFileType = sourcecode.swift; path = SettingVC.swift; sourceTree = "<group>"; };
		EADC0028243C6147005D5502 /* SettingVC.xib */ = {isa = PBXFileReference; lastKnownFileType = file.xib; path = SettingVC.xib; sourceTree = "<group>"; };
		EADC002C243C616C005D5502 /* PlayListVC.swift */ = {isa = PBXFileReference; lastKnownFileType = sourcecode.swift; path = PlayListVC.swift; sourceTree = "<group>"; };
		EADC002D243C616C005D5502 /* PlayListVC.xib */ = {isa = PBXFileReference; lastKnownFileType = file.xib; path = PlayListVC.xib; sourceTree = "<group>"; };
		EADC0034243C674F005D5502 /* Tabbar.xcassets */ = {isa = PBXFileReference; lastKnownFileType = folder.assetcatalog; path = Tabbar.xcassets; sourceTree = "<group>"; };
		EADC0044243CA60D005D5502 /* DarkNavigationController.swift */ = {isa = PBXFileReference; fileEncoding = 4; lastKnownFileType = sourcecode.swift; path = DarkNavigationController.swift; sourceTree = "<group>"; };
		EADC0045243CA60D005D5502 /* BaseViewController.swift */ = {isa = PBXFileReference; fileEncoding = 4; lastKnownFileType = sourcecode.swift; path = BaseViewController.swift; sourceTree = "<group>"; };
		EADC0046243CA60D005D5502 /* BaseNavigationController.swift */ = {isa = PBXFileReference; fileEncoding = 4; lastKnownFileType = sourcecode.swift; path = BaseNavigationController.swift; sourceTree = "<group>"; };
		EADCFFB7243C57AF005D5502 /* prox_iMuzic.app */ = {isa = PBXFileReference; explicitFileType = wrapper.application; includeInIndex = 0; path = prox_iMuzic.app; sourceTree = BUILT_PRODUCTS_DIR; };
		EADCFFBA243C57AF005D5502 /* AppDelegate.swift */ = {isa = PBXFileReference; lastKnownFileType = sourcecode.swift; path = AppDelegate.swift; sourceTree = "<group>"; };
		EADCFFC3243C57B4005D5502 /* Assets.xcassets */ = {isa = PBXFileReference; lastKnownFileType = folder.assetcatalog; path = Assets.xcassets; sourceTree = "<group>"; };
		EADCFFC6243C57B4005D5502 /* Base */ = {isa = PBXFileReference; lastKnownFileType = file.storyboard; name = Base; path = Base.lproj/LaunchScreen.storyboard; sourceTree = "<group>"; };
		EADCFFC8243C57B4005D5502 /* Info.plist */ = {isa = PBXFileReference; lastKnownFileType = text.plist.xml; path = Info.plist; sourceTree = "<group>"; };
		EADCFFD0243C58F1005D5502 /* AppDelegate+Config.swift */ = {isa = PBXFileReference; lastKnownFileType = sourcecode.swift; path = "AppDelegate+Config.swift"; sourceTree = "<group>"; };
		EADCFFDA243C5D18005D5502 /* ViewController+Extention.swift */ = {isa = PBXFileReference; fileEncoding = 4; lastKnownFileType = sourcecode.swift; path = "ViewController+Extention.swift"; sourceTree = "<group>"; };
		EADCFFDC243C5DD5005D5502 /* Application+Extentions.swift */ = {isa = PBXFileReference; fileEncoding = 4; lastKnownFileType = sourcecode.swift; path = "Application+Extentions.swift"; sourceTree = "<group>"; };
		EADCFFDE243C5DDB005D5502 /* UITableView+Extention.swift */ = {isa = PBXFileReference; fileEncoding = 4; lastKnownFileType = sourcecode.swift; path = "UITableView+Extention.swift"; sourceTree = "<group>"; };
		EADCFFE0243C5DE2005D5502 /* UICollectionView+Extention.swift */ = {isa = PBXFileReference; fileEncoding = 4; lastKnownFileType = sourcecode.swift; path = "UICollectionView+Extention.swift"; sourceTree = "<group>"; };
		EADCFFE2243C5DE9005D5502 /* NSObject+Extentions.swift */ = {isa = PBXFileReference; fileEncoding = 4; lastKnownFileType = sourcecode.swift; path = "NSObject+Extentions.swift"; sourceTree = "<group>"; };
		EADCFFE4243C5DF1005D5502 /* UIView+Extention.swift */ = {isa = PBXFileReference; fileEncoding = 4; lastKnownFileType = sourcecode.swift; path = "UIView+Extention.swift"; sourceTree = "<group>"; };
		EADCFFE6243C5E05005D5502 /* UiTextField+Extention.swift */ = {isa = PBXFileReference; fileEncoding = 4; lastKnownFileType = sourcecode.swift; path = "UiTextField+Extention.swift"; sourceTree = "<group>"; };
		EADCFFE9243C5E1E005D5502 /* AppColors.swift */ = {isa = PBXFileReference; fileEncoding = 4; lastKnownFileType = sourcecode.swift; path = AppColors.swift; sourceTree = "<group>"; };
		EADCFFEA243C5E1E005D5502 /* AppFonts.swift */ = {isa = PBXFileReference; fileEncoding = 4; lastKnownFileType = sourcecode.swift; path = AppFonts.swift; sourceTree = "<group>"; };
		EADCFFEF243C5E60005D5502 /* UIColorExtension.swift */ = {isa = PBXFileReference; fileEncoding = 4; lastKnownFileType = sourcecode.swift; path = UIColorExtension.swift; sourceTree = "<group>"; };
		EADCFFF0243C5E60005D5502 /* HEXColor.h */ = {isa = PBXFileReference; fileEncoding = 4; lastKnownFileType = sourcecode.c.h; path = HEXColor.h; sourceTree = "<group>"; };
		EADCFFF1243C5E60005D5502 /* UIColorInputError.swift */ = {isa = PBXFileReference; fileEncoding = 4; lastKnownFileType = sourcecode.swift; path = UIColorInputError.swift; sourceTree = "<group>"; };
		EADCFFF3243C5E60005D5502 /* macOS-Info.plist */ = {isa = PBXFileReference; fileEncoding = 4; lastKnownFileType = text.plist.xml; path = "macOS-Info.plist"; sourceTree = "<group>"; };
		EADCFFF4243C5E60005D5502 /* watchOS-Info.plist */ = {isa = PBXFileReference; fileEncoding = 4; lastKnownFileType = text.plist.xml; path = "watchOS-Info.plist"; sourceTree = "<group>"; };
		EADCFFF5243C5E60005D5502 /* iOS-Info.plist */ = {isa = PBXFileReference; fileEncoding = 4; lastKnownFileType = text.plist.xml; path = "iOS-Info.plist"; sourceTree = "<group>"; };
		EADCFFF6243C5E60005D5502 /* StringExtension.swift */ = {isa = PBXFileReference; fileEncoding = 4; lastKnownFileType = sourcecode.swift; path = StringExtension.swift; sourceTree = "<group>"; };
		EADCFFF8243C5E60005D5502 /* TweePlaceholderTextField.swift */ = {isa = PBXFileReference; fileEncoding = 4; lastKnownFileType = sourcecode.swift; path = TweePlaceholderTextField.swift; sourceTree = "<group>"; };
		EADCFFF9243C5E60005D5502 /* TweeBorderedTextField.swift */ = {isa = PBXFileReference; fileEncoding = 4; lastKnownFileType = sourcecode.swift; path = TweeBorderedTextField.swift; sourceTree = "<group>"; };
		EADCFFFA243C5E60005D5502 /* WeakTargetProxy.swift */ = {isa = PBXFileReference; fileEncoding = 4; lastKnownFileType = sourcecode.swift; path = WeakTargetProxy.swift; sourceTree = "<group>"; };
		EADCFFFB243C5E60005D5502 /* TweeAttributedTextField.swift */ = {isa = PBXFileReference; fileEncoding = 4; lastKnownFileType = sourcecode.swift; path = TweeAttributedTextField.swift; sourceTree = "<group>"; };
		EADCFFFC243C5E60005D5502 /* TweeActiveTextField.swift */ = {isa = PBXFileReference; fileEncoding = 4; lastKnownFileType = sourcecode.swift; path = TweeActiveTextField.swift; sourceTree = "<group>"; };
		EADCFFFD243C5E60005D5502 /* FontAnimation.swift */ = {isa = PBXFileReference; fileEncoding = 4; lastKnownFileType = sourcecode.swift; path = FontAnimation.swift; sourceTree = "<group>"; };
		EAE612AB243F139B003BC53C /* UISegmentedControl+Extension.swift */ = {isa = PBXFileReference; lastKnownFileType = sourcecode.swift; path = "UISegmentedControl+Extension.swift"; sourceTree = "<group>"; };
		EAE612AE243F21E6003BC53C /* GendersVC.swift */ = {isa = PBXFileReference; lastKnownFileType = sourcecode.swift; path = GendersVC.swift; sourceTree = "<group>"; };
		EAE612AF243F21E6003BC53C /* GendersVC.xib */ = {isa = PBXFileReference; lastKnownFileType = file.xib; path = GendersVC.xib; sourceTree = "<group>"; };
		EAFA702F243F6369005BB6B8 /* LeftAlignedCollectionViewFlowLayout.swift */ = {isa = PBXFileReference; fileEncoding = 4; lastKnownFileType = sourcecode.swift; path = LeftAlignedCollectionViewFlowLayout.swift; sourceTree = "<group>"; };
/* End PBXFileReference section */

/* Begin PBXFrameworksBuildPhase section */
		EADCFFB4243C57AF005D5502 /* Frameworks */ = {
			isa = PBXFrameworksBuildPhase;
			buildActionMask = 2147483647;
			files = (
				4A087E099B666930EC6370CD /* Pods_prox_iMuzic.framework in Frameworks */,
			);
			runOnlyForDeploymentPostprocessing = 0;
		};
/* End PBXFrameworksBuildPhase section */

/* Begin PBXGroup section */
		4C22A59F4952BF1971197259 /* Frameworks */ = {
			isa = PBXGroup;
			children = (
				2B3E9C67016E733F5D77DF4A /* Pods_prox_iMuzic.framework */,
			);
			name = Frameworks;
			sourceTree = "<group>";
		};
		9214B27D755A14C377CE607B /* Pods */ = {
			isa = PBXGroup;
			children = (
				80F532EF0F5C7D6DF3483A47 /* Pods-prox_iMuzic.debug.xcconfig */,
				70913BFDD176EEA5EA505627 /* Pods-prox_iMuzic.release.xcconfig */,
			);
			path = Pods;
			sourceTree = "<group>";
		};
		EA314481244173B900C43B77 /* SHA */ = {
			isa = PBXGroup;
			children = (
				EA314482244173C300C43B77 /* SHA.swift */,
			);
			path = SHA;
			sourceTree = "<group>";
		};
		EA31448424418DAD00C43B77 /* PlayListVC */ = {
			isa = PBXGroup;
			children = (
				EADC002C243C616C005D5502 /* PlayListVC.swift */,
				EADC002D243C616C005D5502 /* PlayListVC.xib */,
			);
			path = PlayListVC;
			sourceTree = "<group>";
		};
		EA31448524418DC000C43B77 /* PlayListDetailVC */ = {
			isa = PBXGroup;
			children = (
				EA31448624418E0900C43B77 /* PlayListDetailVC.swift */,
				EA31448724418E0900C43B77 /* PlayListDetailVC.xib */,
			);
			path = PlayListDetailVC;
			sourceTree = "<group>";
		};
		EA31448A2441932D00C43B77 /* BannerDetailPLCell */ = {
			isa = PBXGroup;
			children = (
				EA31448C2441938000C43B77 /* BannerDetailPLCell.swift */,
				EA31448D2441938000C43B77 /* BannerDetailPLCell.xib */,
			);
			path = BannerDetailPLCell;
			sourceTree = "<group>";
		};
		EA3144902441A79000C43B77 /* SongItemsCell */ = {
			isa = PBXGroup;
			children = (
				EA3144912441A7E700C43B77 /* SongItemsCell.swift */,
				EA3144922441A7E700C43B77 /* SongItemsCell.xib */,
			);
			path = SongItemsCell;
			sourceTree = "<group>";
		};
		EA4C3D8624487A0800C04493 /* ViewController */ = {
			isa = PBXGroup;
			children = (
				EADC0027243C6147005D5502 /* SettingVC.swift */,
				EADC0028243C6147005D5502 /* SettingVC.xib */,
			);
			name = ViewController;
			path = "ViewControllẻ";
			sourceTree = "<group>";
		};
		EA4C3D8724487A3A00C04493 /* Cell */ = {
			isa = PBXGroup;
			children = (
				EA4C3D9824489DC200C04493 /* SettingXCell */,
				EA4C3D93244896E400C04493 /* BannerSetting */,
				EA4C3D91244896D000C04493 /* SettingCell */,
			);
			path = Cell;
			sourceTree = "<group>";
		};
		EA4C3D8E244883E900C04493 /* Ultis */ = {
			isa = PBXGroup;
			children = (
				EA4C3D8F244883E900C04493 /* SettingEnum.swift */,
			);
			path = Ultis;
			sourceTree = "<group>";
		};
		EA4C3D91244896D000C04493 /* SettingCell */ = {
			isa = PBXGroup;
			children = (
				EA4C3D8824487A5D00C04493 /* SettingCell.swift */,
				EA4C3D8924487A5D00C04493 /* SettingCell.xib */,
			);
			path = SettingCell;
			sourceTree = "<group>";
		};
		EA4C3D93244896E400C04493 /* BannerSetting */ = {
			isa = PBXGroup;
			children = (
				EA4C3D942448970700C04493 /* BannerSettingVC.swift */,
				EA4C3D952448970700C04493 /* BannerSettingVC.xib */,
			);
			path = BannerSetting;
			sourceTree = "<group>";
		};
		EA4C3D9824489DC200C04493 /* SettingXCell */ = {
			isa = PBXGroup;
			children = (
				EA4C3D9924489E5700C04493 /* SettingXCell.swift */,
				EA4C3D9A24489E5700C04493 /* SettingXCell.xib */,
			);
			path = SettingXCell;
			sourceTree = "<group>";
		};
		EA4C3D9D2448AEE000C04493 /* SendEmailPP */ = {
			isa = PBXGroup;
			children = (
				EA4C3D9E2448AEE000C04493 /* SendEmailPP.swift */,
				EA4C3D9F2448AEE000C04493 /* SendEmailPP.xib */,
			);
			path = SendEmailPP;
			sourceTree = "<group>";
		};
		EA4C3DA22448AEE300C04493 /* PP */ = {
			isa = PBXGroup;
			children = (
				EA4C3D9D2448AEE000C04493 /* SendEmailPP */,
			);
			path = PP;
			sourceTree = "<group>";
		};
		EA59AB7F2442E957007AFA4C /* PlayerVC */ = {
			isa = PBXGroup;
			children = (
				EA59AB802442E97B007AFA4C /* PlayerVC.swift */,
				EA59AB812442E97B007AFA4C /* PlayerVC.xib */,
			);
			path = PlayerVC;
			sourceTree = "<group>";
		};
		EA5A3CE3243CCAE5002E94D7 /* BubbleTabBar */ = {
			isa = PBXGroup;
			children = (
				EA5A3CE4243CCAF6002E94D7 /* BubbleTabBar.swift */,
				EA5A3CE5243CCAF6002E94D7 /* BubbleTabBarController.swift */,
				EA5A3CE6243CCAF6002E94D7 /* CBTabBarButton.swift */,
			);
			path = BubbleTabBar;
			sourceTree = "<group>";
		};
		EA5A3CF5243CEE7F002E94D7 /* Favorites */ = {
			isa = PBXGroup;
			children = (
				EA4C3D8E244883E900C04493 /* Ultis */,
				EA5A3CF6243CEE89002E94D7 /* Viewcontroller */,
			);
			path = Favorites;
			sourceTree = "<group>";
		};
		EA5A3CF6243CEE89002E94D7 /* Viewcontroller */ = {
			isa = PBXGroup;
			children = (
				EA5A3CF7243CEE9D002E94D7 /* FavoritesVC */,
			);
			path = Viewcontroller;
			sourceTree = "<group>";
		};
		EA5A3CF7243CEE9D002E94D7 /* FavoritesVC */ = {
			isa = PBXGroup;
			children = (
				EA5A3CF8243CEEB2002E94D7 /* FavoritesVC.swift */,
				EA5A3CF9243CEEB2002E94D7 /* FavoritesVC.xib */,
			);
			path = FavoritesVC;
			sourceTree = "<group>";
		};
		EA5A3CFE243D0020002E94D7 /* ViewControllers */ = {
			isa = PBXGroup;
			children = (
				EA6AE3992445A2D400C5A2EC /* SearchVC */,
				EA6E1E802444DCBB007FE41B /* PlayListColVC */,
				EAE612AD243F21B2003BC53C /* GendersVC */,
				EA5A3CFF243D002E002E94D7 /* HomeVC */,
			);
			path = ViewControllers;
			sourceTree = "<group>";
		};
		EA5A3CFF243D002E002E94D7 /* HomeVC */ = {
			isa = PBXGroup;
			children = (
				EADC0022243C6126005D5502 /* HomeVC.swift */,
				EADC0023243C6126005D5502 /* HomeVC.xib */,
			);
			path = HomeVC;
			sourceTree = "<group>";
		};
		EA5A3D00243D0168002E94D7 /* Cells */ = {
			isa = PBXGroup;
			children = (
				EAB74014243DBA4A007202A9 /* GenderColl */,
				EAB7400F243DBA1B007202A9 /* GenderCell */,
				EAB74007243DA75C007202A9 /* ListCollCell */,
				EA5A3D0F243D6E82002E94D7 /* MenuCell */,
				EA5A3D0A243D10F4002E94D7 /* ItemsBannerCell */,
				EA5A3D01243D0176002E94D7 /* BannerCell */,
			);
			path = Cells;
			sourceTree = "<group>";
		};
		EA5A3D01243D0176002E94D7 /* BannerCell */ = {
			isa = PBXGroup;
			children = (
				EA5A3D02243D019B002E94D7 /* BannerCell.swift */,
				EA5A3D03243D019B002E94D7 /* BannerCell.xib */,
			);
			path = BannerCell;
			sourceTree = "<group>";
		};
		EA5A3D0A243D10F4002E94D7 /* ItemsBannerCell */ = {
			isa = PBXGroup;
			children = (
				EA5A3D0B243D1122002E94D7 /* ItemsBannerCell.swift */,
				EA5A3D0C243D1122002E94D7 /* ItemsBannerCell.xib */,
			);
			path = ItemsBannerCell;
			sourceTree = "<group>";
		};
		EA5A3D0F243D6E82002E94D7 /* MenuCell */ = {
			isa = PBXGroup;
			children = (
				EA5A3D10243D6EB5002E94D7 /* MenuCell.swift */,
				EA5A3D11243D6EB5002E94D7 /* MenuCell.xib */,
			);
			path = MenuCell;
			sourceTree = "<group>";
		};
		EA5A3D14243D728A002E94D7 /* Poppins */ = {
			isa = PBXGroup;
			children = (
				EA5A3D15243D728A002E94D7 /* Poppins-ExtraLight.ttf */,
				EA5A3D16243D728A002E94D7 /* Poppins-ThinItalic.ttf */,
				EA5A3D17243D728A002E94D7 /* Poppins-ExtraLightItalic.ttf */,
				EA5A3D18243D728A002E94D7 /* Poppins-BoldItalic.ttf */,
				EA5A3D19243D728A002E94D7 /* Poppins-Light.ttf */,
				EA5A3D1A243D728A002E94D7 /* Poppins-Medium.ttf */,
				EA5A3D1B243D728A002E94D7 /* Poppins-SemiBoldItalic.ttf */,
				EA5A3D1C243D728A002E94D7 /* Poppins-ExtraBoldItalic.ttf */,
				EA5A3D1D243D728A002E94D7 /* Poppins-ExtraBold.ttf */,
				EA5A3D1E243D728A002E94D7 /* Poppins-BlackItalic.ttf */,
				EA5A3D1F243D728A002E94D7 /* OFL.txt */,
				EA5A3D20243D728A002E94D7 /* Poppins-Regular.ttf */,
				EA5A3D21243D728A002E94D7 /* Poppins-LightItalic.ttf */,
				EA5A3D22243D728A002E94D7 /* Poppins-Bold.ttf */,
				EA5A3D23243D728A002E94D7 /* Poppins-Black.ttf */,
				EA5A3D24243D728A002E94D7 /* Poppins-Thin.ttf */,
				EA5A3D25243D728A002E94D7 /* Poppins-SemiBold.ttf */,
				EA5A3D26243D728A002E94D7 /* Poppins-Italic.ttf */,
				EA5A3D27243D728A002E94D7 /* Poppins-MediumItalic.ttf */,
			);
			path = Poppins;
			sourceTree = "<group>";
		};
		EA621C86244040A2005F467C /* ViewControllers */ = {
			isa = PBXGroup;
			children = (
				EA59AB7F2442E957007AFA4C /* PlayerVC */,
				EA31448524418DC000C43B77 /* PlayListDetailVC */,
				EA31448424418DAD00C43B77 /* PlayListVC */,
			);
			path = ViewControllers;
			sourceTree = "<group>";
		};
		EA621C8A244057E3005F467C /* Cells */ = {
			isa = PBXGroup;
			children = (
				EA3144902441A79000C43B77 /* SongItemsCell */,
				EA31448A2441932D00C43B77 /* BannerDetailPLCell */,
				EA621C9024407FC2005F467C /* PlayListFSPager */,
				EA621C8B244057EA005F467C /* PlayListCell */,
			);
			path = Cells;
			sourceTree = "<group>";
		};
		EA621C8B244057EA005F467C /* PlayListCell */ = {
			isa = PBXGroup;
			children = (
				EA621C8C24405806005F467C /* PlayListCell.swift */,
				EA621C8D24405806005F467C /* PlayListCell.xib */,
			);
			path = PlayListCell;
			sourceTree = "<group>";
		};
		EA621C9024407FC2005F467C /* PlayListFSPager */ = {
			isa = PBXGroup;
			children = (
				EA621C952440A782005F467C /* PlayListFSCell.swift */,
				EA621C962440A782005F467C /* PlayListFSCell.xib */,
			);
			path = PlayListFSPager;
			sourceTree = "<group>";
		};
		EA621CAC2440D680005F467C /* Base */ = {
			isa = PBXGroup;
			children = (
				EADC0044243CA60D005D5502 /* DarkNavigationController.swift */,
				EADC0045243CA60D005D5502 /* BaseViewController.swift */,
				EADC0046243CA60D005D5502 /* BaseNavigationController.swift */,
			);
			path = Base;
			sourceTree = "<group>";
		};
		EA621CAD2440D691005F467C /* LeftAlignedCollection */ = {
			isa = PBXGroup;
			children = (
				EAFA702F243F6369005BB6B8 /* LeftAlignedCollectionViewFlowLayout.swift */,
			);
			path = LeftAlignedCollection;
			sourceTree = "<group>";
		};
		EA621CAE2440D787005F467C /* Popup */ = {
			isa = PBXGroup;
			children = (
				EA76FFCD24476121009EFA39 /* FavoritePopup */,
				EA6AE3A72445D6AD00C5A2EC /* AddSongPopup */,
				EA621CAF2440D7F5005F467C /* AddPlayListPopup */,
			);
			path = Popup;
			sourceTree = "<group>";
		};
		EA621CAF2440D7F5005F467C /* AddPlayListPopup */ = {
			isa = PBXGroup;
			children = (
				EA621CB02440D8A8005F467C /* AddPlayListPopup.swift */,
				EA621CB12440D8A8005F467C /* AddPlayListPopup.xib */,
			);
			path = AddPlayListPopup;
			sourceTree = "<group>";
		};
		EA6AE3992445A2D400C5A2EC /* SearchVC */ = {
			isa = PBXGroup;
			children = (
				EA6AE39A2445A2EF00C5A2EC /* SearchVC.swift */,
				EA6AE39B2445A2EF00C5A2EC /* SearchVC.xib */,
			);
			path = SearchVC;
			sourceTree = "<group>";
		};
		EA6AE3A42445B07B00C5A2EC /* Business */ = {
			isa = PBXGroup;
			children = (
				EA6AE3A52445B08D00C5A2EC /* StoragePlayList.swift */,
			);
			path = Business;
			sourceTree = "<group>";
		};
		EA6AE3A72445D6AD00C5A2EC /* AddSongPopup */ = {
			isa = PBXGroup;
			children = (
				EA6AE3A82445D6CF00C5A2EC /* AddSongPopup.swift */,
				EA6AE3A92445D6CF00C5A2EC /* AddSongPopup.xib */,
			);
			path = AddSongPopup;
			sourceTree = "<group>";
		};
		EA6E1E802444DCBB007FE41B /* PlayListColVC */ = {
			isa = PBXGroup;
			children = (
				EA6E1E822444DDD3007FE41B /* PlayListColVC.swift */,
				EA6E1E832444DDD3007FE41B /* PlayListColVC.xib */,
			);
			path = PlayListColVC;
			sourceTree = "<group>";
		};
		EA76FFCD24476121009EFA39 /* FavoritePopup */ = {
			isa = PBXGroup;
			children = (
				EA76FFCE2447613F009EFA39 /* FavoritePopup.swift */,
				EA76FFCF2447613F009EFA39 /* FavoritePopup.xib */,
			);
			path = FavoritePopup;
			sourceTree = "<group>";
		};
		EAB74007243DA75C007202A9 /* ListCollCell */ = {
			isa = PBXGroup;
			children = (
				EAB74008243DA787007202A9 /* ListCollCell.swift */,
				EAB74009243DA787007202A9 /* ListCollCell.xib */,
			);
			path = ListCollCell;
			sourceTree = "<group>";
		};
		EAB7400C243DB852007202A9 /* Ultis */ = {
			isa = PBXGroup;
			children = (
				EAB7400D243DB863007202A9 /* EnumsHome.swift */,
			);
			path = Ultis;
			sourceTree = "<group>";
		};
		EAB7400F243DBA1B007202A9 /* GenderCell */ = {
			isa = PBXGroup;
			children = (
				EAB74010243DBA44007202A9 /* GenderCell.swift */,
				EAB74011243DBA44007202A9 /* GenderCell.xib */,
			);
			path = GenderCell;
			sourceTree = "<group>";
		};
		EAB74014243DBA4A007202A9 /* GenderColl */ = {
			isa = PBXGroup;
			children = (
				EAB74015243DBA65007202A9 /* GenderColl.swift */,
				EAB74016243DBA65007202A9 /* GenderColl.xib */,
			);
			path = GenderColl;
			sourceTree = "<group>";
		};
		EAB7401A243DF4A7007202A9 /* UIView */ = {
			isa = PBXGroup;
			children = (
				EAB7401B243DF4B7007202A9 /* MainListVC */,
			);
			path = UIView;
			sourceTree = "<group>";
		};
		EAB7401B243DF4B7007202A9 /* MainListVC */ = {
			isa = PBXGroup;
			children = (
				EAB74020243DF575007202A9 /* MainListVC.swift */,
				EAB74021243DF575007202A9 /* MainListVC.xib */,
			);
			path = MainListVC;
			sourceTree = "<group>";
		};
		EAB74026243E1ECE007202A9 /* Works */ = {
			isa = PBXGroup;
			children = (
				EAB7402A243E1FF2007202A9 /* ImuzicServices.swift */,
				EAB7402C243E213B007202A9 /* ImuzicAPIManager.swift */,
			);
			path = Works;
			sourceTree = "<group>";
		};
		EAB74027243E1ED7007202A9 /* Models */ = {
			isa = PBXGroup;
			children = (
				EA6AE3A22445ABDD00C5A2EC /* PlayListLocalModels.swift */,
				EA3144952441BA0900C43B77 /* SongModel.swift */,
				EA6AE39E2445A5C700C5A2EC /* SearchModels.swift */,
				EAB74032243E5F08007202A9 /* GenresModels.swift */,
				EAB7402E243E3DEC007202A9 /* PlayListModels.swift */,
				EAB74028243E1F66007202A9 /* CateType.swift */,
			);
			path = Models;
			sourceTree = "<group>";
		};
		EADC000D243C5E8B005D5502 /* Resources */ = {
			isa = PBXGroup;
			children = (
				EADC000E243C5E8B005D5502 /* Fonts */,
			);
			path = Resources;
			sourceTree = "<group>";
		};
		EADC000E243C5E8B005D5502 /* Fonts */ = {
			isa = PBXGroup;
			children = (
				EA5A3D14243D728A002E94D7 /* Poppins */,
				EADC000F243C5E8B005D5502 /* CoreSansGS45RegularItalic.ttf */,
				EADC0010243C5E8B005D5502 /* Silom.ttf */,
				EADC0011243C5E8B005D5502 /* CoreSansGS25ExtraLight.ttf */,
				EADC0012243C5E8B005D5502 /* CoreSansGS35Light.ttf */,
				EADC0013243C5E8B005D5502 /* CoreSansGS65BoldItalic.ttf */,
				EADC0014243C5E8B005D5502 /* CoreSansGS55Medium.ttf */,
				EADC0015243C5E8B005D5502 /* CoreSansGS45Regular.ttf */,
				EADC0016243C5E8B005D5502 /* CoreSansGS65Bold.ttf */,
				EADC0017243C5E8B005D5502 /* Effra_Trial_Rg1.ttf */,
			);
			path = Fonts;
			sourceTree = "<group>";
		};
		EADC0021243C6109005D5502 /* Home */ = {
			isa = PBXGroup;
			children = (
				EAB74027243E1ED7007202A9 /* Models */,
				EAB74026243E1ECE007202A9 /* Works */,
				EAB7400C243DB852007202A9 /* Ultis */,
				EAB7401A243DF4A7007202A9 /* UIView */,
				EA5A3CFE243D0020002E94D7 /* ViewControllers */,
				EA5A3D00243D0168002E94D7 /* Cells */,
				EA5A3CFC243D001C002E94D7 /* Home.xcassets */,
			);
			path = Home;
			sourceTree = "<group>";
		};
		EADC0026243C612C005D5502 /* SettingVC */ = {
			isa = PBXGroup;
			children = (
				EA4C3DA22448AEE300C04493 /* PP */,
				EA4C3D8C24487B6300C04493 /* Setting.xcassets */,
				EA4C3D8724487A3A00C04493 /* Cell */,
				EA4C3D8624487A0800C04493 /* ViewController */,
			);
			path = SettingVC;
			sourceTree = "<group>";
		};
		EADC002B243C614B005D5502 /* PlayListVC */ = {
			isa = PBXGroup;
			children = (
				EA621CAE2440D787005F467C /* Popup */,
				EA621C8A244057E3005F467C /* Cells */,
				EA621C88244040F2005F467C /* PlayList.xcassets */,
				EA621C86244040A2005F467C /* ViewControllers */,
			);
			path = PlayListVC;
			sourceTree = "<group>";
		};
		EADC0036243C72D3005D5502 /* TabbarVC */ = {
			isa = PBXGroup;
			children = (
				EA5A3CF1243CD049002E94D7 /* TabbarVC.swift */,
				EA5A3CF2243CD049002E94D7 /* TabbarVC.xib */,
			);
			path = TabbarVC;
			sourceTree = "<group>";
		};
		EADC0043243CA60D005D5502 /* CustomComponents */ = {
			isa = PBXGroup;
			children = (
				EA314481244173B900C43B77 /* SHA */,
				EA621CAD2440D691005F467C /* LeftAlignedCollection */,
				EA621CAC2440D680005F467C /* Base */,
				EA5A3CE3243CCAE5002E94D7 /* BubbleTabBar */,
			);
			path = CustomComponents;
			sourceTree = "<group>";
		};
		EADCFFAE243C57AF005D5502 = {
			isa = PBXGroup;
			children = (
				EADCFFB9243C57AF005D5502 /* prox_iMuzic */,
				EADCFFB8243C57AF005D5502 /* Products */,
				9214B27D755A14C377CE607B /* Pods */,
				4C22A59F4952BF1971197259 /* Frameworks */,
			);
			sourceTree = "<group>";
		};
		EADCFFB8243C57AF005D5502 /* Products */ = {
			isa = PBXGroup;
			children = (
				EADCFFB7243C57AF005D5502 /* prox_iMuzic.app */,
			);
			name = Products;
			sourceTree = "<group>";
		};
		EADCFFB9243C57AF005D5502 /* prox_iMuzic */ = {
			isa = PBXGroup;
			children = (
				EADCFFCE243C58BD005D5502 /* App */,
				EA6AE3A42445B07B00C5A2EC /* Business */,
				EADCFFED243C5E60005D5502 /* Libraries */,
				EADCFFD8243C5C61005D5502 /* Helpers */,
				EADC0043243CA60D005D5502 /* CustomComponents */,
				EADC000D243C5E8B005D5502 /* Resources */,
				EADCFFD2243C5BDB005D5502 /* Scences */,
			);
			path = prox_iMuzic;
			sourceTree = "<group>";
		};
		EADCFFCE243C58BD005D5502 /* App */ = {
			isa = PBXGroup;
			children = (
				EADCFFCF243C58C2005D5502 /* AppDelegate */,
				EADCFFC5243C57B4005D5502 /* LaunchScreen.storyboard */,
				EADCFFC3243C57B4005D5502 /* Assets.xcassets */,
				EADCFFC8243C57B4005D5502 /* Info.plist */,
			);
			path = App;
			sourceTree = "<group>";
		};
		EADCFFCF243C58C2005D5502 /* AppDelegate */ = {
			isa = PBXGroup;
			children = (
				EADCFFBA243C57AF005D5502 /* AppDelegate.swift */,
				EADCFFD0243C58F1005D5502 /* AppDelegate+Config.swift */,
			);
			path = AppDelegate;
			sourceTree = "<group>";
		};
		EADCFFD2243C5BDB005D5502 /* Scences */ = {
			isa = PBXGroup;
			children = (
				EADCFFD3243C5BF9005D5502 /* Tabbar */,
				EADC0021243C6109005D5502 /* Home */,
				EADC002B243C614B005D5502 /* PlayListVC */,
				EA5A3CF5243CEE7F002E94D7 /* Favorites */,
				EADC0026243C612C005D5502 /* SettingVC */,
			);
			path = Scences;
			sourceTree = "<group>";
		};
		EADCFFD3243C5BF9005D5502 /* Tabbar */ = {
			isa = PBXGroup;
			children = (
				EADC0036243C72D3005D5502 /* TabbarVC */,
				EADC0034243C674F005D5502 /* Tabbar.xcassets */,
			);
			path = Tabbar;
			sourceTree = "<group>";
		};
		EADCFFD8243C5C61005D5502 /* Helpers */ = {
			isa = PBXGroup;
			children = (
				EADCFFE8243C5E1E005D5502 /* Constants */,
				EADCFFD9243C5C80005D5502 /* Extentions */,
			);
			path = Helpers;
			sourceTree = "<group>";
		};
		EADCFFD9243C5C80005D5502 /* Extentions */ = {
			isa = PBXGroup;
			children = (
				EADCFFDC243C5DD5005D5502 /* Application+Extentions.swift */,
				EADCFFDE243C5DDB005D5502 /* UITableView+Extention.swift */,
				EADCFFDA243C5D18005D5502 /* ViewController+Extention.swift */,
				EADCFFE0243C5DE2005D5502 /* UICollectionView+Extention.swift */,
				EADCFFE2243C5DE9005D5502 /* NSObject+Extentions.swift */,
				EADCFFE4243C5DF1005D5502 /* UIView+Extention.swift */,
				EADCFFE6243C5E05005D5502 /* UiTextField+Extention.swift */,
				EAB74024243E1930007202A9 /* String+Extension.swift */,
				EAB74030243E571D007202A9 /* GradientView.swift */,
				EAE612AB243F139B003BC53C /* UISegmentedControl+Extension.swift */,
				EA4C3DA32448B0AE00C04493 /* UITextView+extension.swift */,
			);
			path = Extentions;
			sourceTree = "<group>";
		};
		EADCFFE8243C5E1E005D5502 /* Constants */ = {
			isa = PBXGroup;
			children = (
				EADCFFE9243C5E1E005D5502 /* AppColors.swift */,
				EADCFFEA243C5E1E005D5502 /* AppFonts.swift */,
			);
			path = Constants;
			sourceTree = "<group>";
		};
		EADCFFED243C5E60005D5502 /* Libraries */ = {
			isa = PBXGroup;
			children = (
				EADCFFEE243C5E60005D5502 /* HEXColor */,
				EADCFFF7243C5E60005D5502 /* TweeTextField */,
			);
			path = Libraries;
			sourceTree = "<group>";
		};
		EADCFFEE243C5E60005D5502 /* HEXColor */ = {
			isa = PBXGroup;
			children = (
				EADCFFEF243C5E60005D5502 /* UIColorExtension.swift */,
				EADCFFF0243C5E60005D5502 /* HEXColor.h */,
				EADCFFF1243C5E60005D5502 /* UIColorInputError.swift */,
				EADCFFF2243C5E60005D5502 /* Resources */,
				EADCFFF6243C5E60005D5502 /* StringExtension.swift */,
			);
			path = HEXColor;
			sourceTree = "<group>";
		};
		EADCFFF2243C5E60005D5502 /* Resources */ = {
			isa = PBXGroup;
			children = (
				EADCFFF3243C5E60005D5502 /* macOS-Info.plist */,
				EADCFFF4243C5E60005D5502 /* watchOS-Info.plist */,
				EADCFFF5243C5E60005D5502 /* iOS-Info.plist */,
			);
			path = Resources;
			sourceTree = "<group>";
		};
		EADCFFF7243C5E60005D5502 /* TweeTextField */ = {
			isa = PBXGroup;
			children = (
				EADCFFF8243C5E60005D5502 /* TweePlaceholderTextField.swift */,
				EADCFFF9243C5E60005D5502 /* TweeBorderedTextField.swift */,
				EADCFFFA243C5E60005D5502 /* WeakTargetProxy.swift */,
				EADCFFFB243C5E60005D5502 /* TweeAttributedTextField.swift */,
				EADCFFFC243C5E60005D5502 /* TweeActiveTextField.swift */,
				EADCFFFD243C5E60005D5502 /* FontAnimation.swift */,
			);
			path = TweeTextField;
			sourceTree = "<group>";
		};
		EAE612AD243F21B2003BC53C /* GendersVC */ = {
			isa = PBXGroup;
			children = (
				EAE612AE243F21E6003BC53C /* GendersVC.swift */,
				EAE612AF243F21E6003BC53C /* GendersVC.xib */,
			);
			path = GendersVC;
			sourceTree = "<group>";
		};
/* End PBXGroup section */

/* Begin PBXNativeTarget section */
		EADCFFB6243C57AF005D5502 /* prox_iMuzic */ = {
			isa = PBXNativeTarget;
			buildConfigurationList = EADCFFCB243C57B4005D5502 /* Build configuration list for PBXNativeTarget "prox_iMuzic" */;
			buildPhases = (
				05481AB6490C8AB0DDDF8A59 /* [CP] Check Pods Manifest.lock */,
				EADCFFB3243C57AF005D5502 /* Sources */,
				EADCFFB4243C57AF005D5502 /* Frameworks */,
				EADCFFB5243C57AF005D5502 /* Resources */,
				4C0104C73A1EB59EDB97BB1C /* [CP] Embed Pods Frameworks */,
			);
			buildRules = (
			);
			dependencies = (
			);
			name = prox_iMuzic;
			productName = prox_iMuzic;
			productReference = EADCFFB7243C57AF005D5502 /* prox_iMuzic.app */;
			productType = "com.apple.product-type.application";
		};
/* End PBXNativeTarget section */

/* Begin PBXProject section */
		EADCFFAF243C57AF005D5502 /* Project object */ = {
			isa = PBXProject;
			attributes = {
				LastSwiftUpdateCheck = 1130;
				LastUpgradeCheck = 1130;
				ORGANIZATIONNAME = "Nguyen Trung Hieu";
				TargetAttributes = {
					EADCFFB6243C57AF005D5502 = {
						CreatedOnToolsVersion = 11.3.1;
					};
				};
			};
			buildConfigurationList = EADCFFB2243C57AF005D5502 /* Build configuration list for PBXProject "prox_iMuzic" */;
			compatibilityVersion = "Xcode 9.3";
			developmentRegion = en;
			hasScannedForEncodings = 0;
			knownRegions = (
				en,
				Base,
			);
			mainGroup = EADCFFAE243C57AF005D5502;
			productRefGroup = EADCFFB8243C57AF005D5502 /* Products */;
			projectDirPath = "";
			projectRoot = "";
			targets = (
				EADCFFB6243C57AF005D5502 /* prox_iMuzic */,
			);
		};
/* End PBXProject section */

/* Begin PBXResourcesBuildPhase section */
		EADCFFB5243C57AF005D5502 /* Resources */ = {
			isa = PBXResourcesBuildPhase;
			buildActionMask = 2147483647;
			files = (
				EA5A3D32243D728A002E94D7 /* OFL.txt in Resources */,
				EADC002F243C616C005D5502 /* PlayListVC.xib in Resources */,
				EA76FFD12447613F009EFA39 /* FavoritePopup.xib in Resources */,
				EA5A3D2E243D728A002E94D7 /* Poppins-SemiBoldItalic.ttf in Resources */,
				EA5A3D36243D728A002E94D7 /* Poppins-Black.ttf in Resources */,
				EA6AE39D2445A2EF00C5A2EC /* SearchVC.xib in Resources */,
				EA5A3D33243D728A002E94D7 /* Poppins-Regular.ttf in Resources */,
				EADC002A243C6147005D5502 /* SettingVC.xib in Resources */,
				EADC0003243C5E61005D5502 /* watchOS-Info.plist in Resources */,
				EA5A3D0E243D1122002E94D7 /* ItemsBannerCell.xib in Resources */,
				EA621CB32440D8A8005F467C /* AddPlayListPopup.xib in Resources */,
				EADC0019243C5E8B005D5502 /* Silom.ttf in Resources */,
				EADC001C243C5E8B005D5502 /* CoreSansGS65BoldItalic.ttf in Resources */,
				EA5A3D30243D728A002E94D7 /* Poppins-ExtraBold.ttf in Resources */,
				EAB7400B243DA787007202A9 /* ListCollCell.xib in Resources */,
				EA5A3CF4243CD049002E94D7 /* TabbarVC.xib in Resources */,
				EA5A3D2F243D728A002E94D7 /* Poppins-ExtraBoldItalic.ttf in Resources */,
				EADCFFC7243C57B4005D5502 /* LaunchScreen.storyboard in Resources */,
				EA621C8F24405806005F467C /* PlayListCell.xib in Resources */,
				EADC0018243C5E8B005D5502 /* CoreSansGS45RegularItalic.ttf in Resources */,
				EA4C3D8B24487A5D00C04493 /* SettingCell.xib in Resources */,
				EA5A3D2D243D728A002E94D7 /* Poppins-Medium.ttf in Resources */,
				EADC0020243C5E8B005D5502 /* Effra_Trial_Rg1.ttf in Resources */,
				EA5A3D3A243D728A002E94D7 /* Poppins-MediumItalic.ttf in Resources */,
				EA5A3D28243D728A002E94D7 /* Poppins-ExtraLight.ttf in Resources */,
				EADC001D243C5E8B005D5502 /* CoreSansGS55Medium.ttf in Resources */,
				EA5A3D2A243D728A002E94D7 /* Poppins-ExtraLightItalic.ttf in Resources */,
				EA31448F2441938000C43B77 /* BannerDetailPLCell.xib in Resources */,
				EADC001A243C5E8B005D5502 /* CoreSansGS25ExtraLight.ttf in Resources */,
				EA6AE3AB2445D6CF00C5A2EC /* AddSongPopup.xib in Resources */,
				EA5A3CFD243D001C002E94D7 /* Home.xcassets in Resources */,
				EA59AB832442E97B007AFA4C /* PlayerVC.xib in Resources */,
				EAB74023243DF575007202A9 /* MainListVC.xib in Resources */,
				EADC0004243C5E61005D5502 /* iOS-Info.plist in Resources */,
				EA5A3D31243D728A002E94D7 /* Poppins-BlackItalic.ttf in Resources */,
				EA6E1E852444DDD3007FE41B /* PlayListColVC.xib in Resources */,
				EA5A3CFB243CEEB3002E94D7 /* FavoritesVC.xib in Resources */,
				EA31448924418E0900C43B77 /* PlayListDetailVC.xib in Resources */,
				EA5A3D34243D728A002E94D7 /* Poppins-LightItalic.ttf in Resources */,
				EA5A3D35243D728A002E94D7 /* Poppins-Bold.ttf in Resources */,
				EADCFFC4243C57B4005D5502 /* Assets.xcassets in Resources */,
				EAE612B1243F21E6003BC53C /* GendersVC.xib in Resources */,
				EADC001E243C5E8B005D5502 /* CoreSansGS45Regular.ttf in Resources */,
				EA4C3DA12448AEE000C04493 /* SendEmailPP.xib in Resources */,
				EA5A3D37243D728A002E94D7 /* Poppins-Thin.ttf in Resources */,
				EAB74018243DBA65007202A9 /* GenderColl.xib in Resources */,
				EA5A3D39243D728A002E94D7 /* Poppins-Italic.ttf in Resources */,
				EADC001F243C5E8B005D5502 /* CoreSansGS65Bold.ttf in Resources */,
				EA5A3D13243D6EB5002E94D7 /* MenuCell.xib in Resources */,
				EADC001B243C5E8B005D5502 /* CoreSansGS35Light.ttf in Resources */,
				EADC0025243C6126005D5502 /* HomeVC.xib in Resources */,
				EA621C982440A782005F467C /* PlayListFSCell.xib in Resources */,
				EAB74013243DBA44007202A9 /* GenderCell.xib in Resources */,
				EA5A3D2B243D728A002E94D7 /* Poppins-BoldItalic.ttf in Resources */,
				EA5A3D38243D728A002E94D7 /* Poppins-SemiBold.ttf in Resources */,
				EA3144942441A7E700C43B77 /* SongItemsCell.xib in Resources */,
				EA4C3D9C24489E5700C04493 /* SettingXCell.xib in Resources */,
				EA5A3D05243D019B002E94D7 /* BannerCell.xib in Resources */,
				EA621C89244040F2005F467C /* PlayList.xcassets in Resources */,
				EA5A3D29243D728A002E94D7 /* Poppins-ThinItalic.ttf in Resources */,
				EA5A3D2C243D728A002E94D7 /* Poppins-Light.ttf in Resources */,
				EADC0002243C5E60005D5502 /* macOS-Info.plist in Resources */,
				EA4C3D8D24487B6300C04493 /* Setting.xcassets in Resources */,
				EADC0035243C674F005D5502 /* Tabbar.xcassets in Resources */,
				EA4C3D972448970700C04493 /* BannerSettingVC.xib in Resources */,
			);
			runOnlyForDeploymentPostprocessing = 0;
		};
/* End PBXResourcesBuildPhase section */

/* Begin PBXShellScriptBuildPhase section */
		05481AB6490C8AB0DDDF8A59 /* [CP] Check Pods Manifest.lock */ = {
			isa = PBXShellScriptBuildPhase;
			buildActionMask = 2147483647;
			files = (
			);
			inputFileListPaths = (
			);
			inputPaths = (
				"${PODS_PODFILE_DIR_PATH}/Podfile.lock",
				"${PODS_ROOT}/Manifest.lock",
			);
			name = "[CP] Check Pods Manifest.lock";
			outputFileListPaths = (
			);
			outputPaths = (
				"$(DERIVED_FILE_DIR)/Pods-prox_iMuzic-checkManifestLockResult.txt",
			);
			runOnlyForDeploymentPostprocessing = 0;
			shellPath = /bin/sh;
			shellScript = "diff \"${PODS_PODFILE_DIR_PATH}/Podfile.lock\" \"${PODS_ROOT}/Manifest.lock\" > /dev/null\nif [ $? != 0 ] ; then\n    # print error to STDERR\n    echo \"error: The sandbox is not in sync with the Podfile.lock. Run 'pod install' or update your CocoaPods installation.\" >&2\n    exit 1\nfi\n# This output is used by Xcode 'outputs' to avoid re-running this script phase.\necho \"SUCCESS\" > \"${SCRIPT_OUTPUT_FILE_0}\"\n";
			showEnvVarsInLog = 0;
		};
		4C0104C73A1EB59EDB97BB1C /* [CP] Embed Pods Frameworks */ = {
			isa = PBXShellScriptBuildPhase;
			buildActionMask = 2147483647;
			files = (
			);
			inputFileListPaths = (
				"${PODS_ROOT}/Target Support Files/Pods-prox_iMuzic/Pods-prox_iMuzic-frameworks-${CONFIGURATION}-input-files.xcfilelist",
			);
			name = "[CP] Embed Pods Frameworks";
			outputFileListPaths = (
				"${PODS_ROOT}/Target Support Files/Pods-prox_iMuzic/Pods-prox_iMuzic-frameworks-${CONFIGURATION}-output-files.xcfilelist",
			);
			runOnlyForDeploymentPostprocessing = 0;
			shellPath = /bin/sh;
			shellScript = "\"${PODS_ROOT}/Target Support Files/Pods-prox_iMuzic/Pods-prox_iMuzic-frameworks.sh\"\n";
			showEnvVarsInLog = 0;
		};
/* End PBXShellScriptBuildPhase section */

/* Begin PBXSourcesBuildPhase section */
		EADCFFB3243C57AF005D5502 /* Sources */ = {
			isa = PBXSourcesBuildPhase;
			buildActionMask = 2147483647;
			files = (
				EA4C3DA02448AEE000C04493 /* SendEmailPP.swift in Sources */,
				EAB7400E243DB863007202A9 /* EnumsHome.swift in Sources */,
				EAB7402F243E3DED007202A9 /* PlayListModels.swift in Sources */,
				EADC000B243C5E61005D5502 /* FontAnimation.swift in Sources */,
				EA76FFD02447613F009EFA39 /* FavoritePopup.swift in Sources */,
				EA5A3D04243D019B002E94D7 /* BannerCell.swift in Sources */,
				EADC0007243C5E61005D5502 /* TweeBorderedTextField.swift in Sources */,
				EAB74033243E5F08007202A9 /* GenresModels.swift in Sources */,
				EADCFFEC243C5E1E005D5502 /* AppFonts.swift in Sources */,
				EA3144932441A7E700C43B77 /* SongItemsCell.swift in Sources */,
				EAB74025243E1930007202A9 /* String+Extension.swift in Sources */,
				EAB7400A243DA787007202A9 /* ListCollCell.swift in Sources */,
				EADCFFE3243C5DE9005D5502 /* NSObject+Extentions.swift in Sources */,
				EADC0005243C5E61005D5502 /* StringExtension.swift in Sources */,
				EADCFFDF243C5DDB005D5502 /* UITableView+Extention.swift in Sources */,
				EADC002E243C616C005D5502 /* PlayListVC.swift in Sources */,
				EA6AE39F2445A5C700C5A2EC /* SearchModels.swift in Sources */,
				EA6E1E842444DDD3007FE41B /* PlayListColVC.swift in Sources */,
				EA6AE3A62445B08D00C5A2EC /* StoragePlayList.swift in Sources */,
				EADCFFD1243C58F1005D5502 /* AppDelegate+Config.swift in Sources */,
				EA59AB822442E97B007AFA4C /* PlayerVC.swift in Sources */,
				EADCFFDD243C5DD5005D5502 /* Application+Extentions.swift in Sources */,
				EADCFFEB243C5E1E005D5502 /* AppColors.swift in Sources */,
				EAB74022243DF575007202A9 /* MainListVC.swift in Sources */,
				EA3144962441BA0900C43B77 /* SongModel.swift in Sources */,
				EA31448824418E0900C43B77 /* PlayListDetailVC.swift in Sources */,
				EA31448E2441938000C43B77 /* BannerDetailPLCell.swift in Sources */,
				EA4C3D8A24487A5D00C04493 /* SettingCell.swift in Sources */,
				EADC0047243CA60E005D5502 /* DarkNavigationController.swift in Sources */,
				EADC0024243C6126005D5502 /* HomeVC.swift in Sources */,
				EA621C8E24405806005F467C /* PlayListCell.swift in Sources */,
				EAB74029243E1F66007202A9 /* CateType.swift in Sources */,
				EADC0000243C5E60005D5502 /* UIColorExtension.swift in Sources */,
				EA621C972440A782005F467C /* PlayListFSCell.swift in Sources */,
				EA5A3CFA243CEEB3002E94D7 /* FavoritesVC.swift in Sources */,
				EA4C3DA42448B0AE00C04493 /* UITextView+extension.swift in Sources */,
				EAE612AC243F139B003BC53C /* UISegmentedControl+Extension.swift in Sources */,
				EA6AE3AA2445D6CF00C5A2EC /* AddSongPopup.swift in Sources */,
				EA4C3D90244883E900C04493 /* SettingEnum.swift in Sources */,
				EADC0048243CA60E005D5502 /* BaseViewController.swift in Sources */,
				EA5A3CF3243CD049002E94D7 /* TabbarVC.swift in Sources */,
				EA5A3CE9243CCAF6002E94D7 /* CBTabBarButton.swift in Sources */,
				EADC0009243C5E61005D5502 /* TweeAttributedTextField.swift in Sources */,
				EAE612B0243F21E6003BC53C /* GendersVC.swift in Sources */,
				EA6AE39C2445A2EF00C5A2EC /* SearchVC.swift in Sources */,
				EAB74031243E571D007202A9 /* GradientView.swift in Sources */,
				EA5A3CE8243CCAF6002E94D7 /* BubbleTabBarController.swift in Sources */,
				EADC0001243C5E60005D5502 /* UIColorInputError.swift in Sources */,
				EA4C3D9B24489E5700C04493 /* SettingXCell.swift in Sources */,
				EADCFFDB243C5D18005D5502 /* ViewController+Extention.swift in Sources */,
				EADC0006243C5E61005D5502 /* TweePlaceholderTextField.swift in Sources */,
				EADCFFBB243C57AF005D5502 /* AppDelegate.swift in Sources */,
				EA4C3D962448970700C04493 /* BannerSettingVC.swift in Sources */,
				EAB74012243DBA44007202A9 /* GenderCell.swift in Sources */,
				EAB74017243DBA65007202A9 /* GenderColl.swift in Sources */,
				EADC0029243C6147005D5502 /* SettingVC.swift in Sources */,
				EA6AE3A32445ABDD00C5A2EC /* PlayListLocalModels.swift in Sources */,
				EA5A3CE7243CCAF6002E94D7 /* BubbleTabBar.swift in Sources */,
				EADCFFE1243C5DE2005D5502 /* UICollectionView+Extention.swift in Sources */,
				EAFA7030243F6369005BB6B8 /* LeftAlignedCollectionViewFlowLayout.swift in Sources */,
				EADCFFE7243C5E05005D5502 /* UiTextField+Extention.swift in Sources */,
				EADC0049243CA60E005D5502 /* BaseNavigationController.swift in Sources */,
				EADCFFE5243C5DF1005D5502 /* UIView+Extention.swift in Sources */,
				EAB7402D243E213B007202A9 /* ImuzicAPIManager.swift in Sources */,
				EAB7402B243E1FF2007202A9 /* ImuzicServices.swift in Sources */,
				EADC000A243C5E61005D5502 /* TweeActiveTextField.swift in Sources */,
				EA621CB22440D8A8005F467C /* AddPlayListPopup.swift in Sources */,
				EADC0008243C5E61005D5502 /* WeakTargetProxy.swift in Sources */,
				EA314483244173C300C43B77 /* SHA.swift in Sources */,
				EA5A3D12243D6EB5002E94D7 /* MenuCell.swift in Sources */,
				EA5A3D0D243D1122002E94D7 /* ItemsBannerCell.swift in Sources */,
			);
			runOnlyForDeploymentPostprocessing = 0;
		};
/* End PBXSourcesBuildPhase section */

/* Begin PBXVariantGroup section */
		EADCFFC5243C57B4005D5502 /* LaunchScreen.storyboard */ = {
			isa = PBXVariantGroup;
			children = (
				EADCFFC6243C57B4005D5502 /* Base */,
			);
			name = LaunchScreen.storyboard;
			sourceTree = "<group>";
		};
/* End PBXVariantGroup section */

/* Begin XCBuildConfiguration section */
		EADCFFC9243C57B4005D5502 /* Debug */ = {
			isa = XCBuildConfiguration;
			buildSettings = {
				ALWAYS_SEARCH_USER_PATHS = NO;
				CLANG_ANALYZER_NONNULL = YES;
				CLANG_ANALYZER_NUMBER_OBJECT_CONVERSION = YES_AGGRESSIVE;
				CLANG_CXX_LANGUAGE_STANDARD = "gnu++14";
				CLANG_CXX_LIBRARY = "libc++";
				CLANG_ENABLE_MODULES = YES;
				CLANG_ENABLE_OBJC_ARC = YES;
				CLANG_ENABLE_OBJC_WEAK = YES;
				CLANG_WARN_BLOCK_CAPTURE_AUTORELEASING = YES;
				CLANG_WARN_BOOL_CONVERSION = YES;
				CLANG_WARN_COMMA = YES;
				CLANG_WARN_CONSTANT_CONVERSION = YES;
				CLANG_WARN_DEPRECATED_OBJC_IMPLEMENTATIONS = YES;
				CLANG_WARN_DIRECT_OBJC_ISA_USAGE = YES_ERROR;
				CLANG_WARN_DOCUMENTATION_COMMENTS = YES;
				CLANG_WARN_EMPTY_BODY = YES;
				CLANG_WARN_ENUM_CONVERSION = YES;
				CLANG_WARN_INFINITE_RECURSION = YES;
				CLANG_WARN_INT_CONVERSION = YES;
				CLANG_WARN_NON_LITERAL_NULL_CONVERSION = YES;
				CLANG_WARN_OBJC_IMPLICIT_RETAIN_SELF = YES;
				CLANG_WARN_OBJC_LITERAL_CONVERSION = YES;
				CLANG_WARN_OBJC_ROOT_CLASS = YES_ERROR;
				CLANG_WARN_RANGE_LOOP_ANALYSIS = YES;
				CLANG_WARN_STRICT_PROTOTYPES = YES;
				CLANG_WARN_SUSPICIOUS_MOVE = YES;
				CLANG_WARN_UNGUARDED_AVAILABILITY = YES_AGGRESSIVE;
				CLANG_WARN_UNREACHABLE_CODE = YES;
				CLANG_WARN__DUPLICATE_METHOD_MATCH = YES;
				COPY_PHASE_STRIP = NO;
				DEBUG_INFORMATION_FORMAT = dwarf;
				ENABLE_STRICT_OBJC_MSGSEND = YES;
				ENABLE_TESTABILITY = YES;
				GCC_C_LANGUAGE_STANDARD = gnu11;
				GCC_DYNAMIC_NO_PIC = NO;
				GCC_NO_COMMON_BLOCKS = YES;
				GCC_OPTIMIZATION_LEVEL = 0;
				GCC_PREPROCESSOR_DEFINITIONS = (
					"DEBUG=1",
					"$(inherited)",
				);
				GCC_WARN_64_TO_32_BIT_CONVERSION = YES;
				GCC_WARN_ABOUT_RETURN_TYPE = YES_ERROR;
				GCC_WARN_UNDECLARED_SELECTOR = YES;
				GCC_WARN_UNINITIALIZED_AUTOS = YES_AGGRESSIVE;
				GCC_WARN_UNUSED_FUNCTION = YES;
				GCC_WARN_UNUSED_VARIABLE = YES;
				IPHONEOS_DEPLOYMENT_TARGET = 13.2;
				MTL_ENABLE_DEBUG_INFO = INCLUDE_SOURCE;
				MTL_FAST_MATH = YES;
				ONLY_ACTIVE_ARCH = YES;
				SDKROOT = iphoneos;
				SWIFT_ACTIVE_COMPILATION_CONDITIONS = DEBUG;
				SWIFT_OPTIMIZATION_LEVEL = "-Onone";
			};
			name = Debug;
		};
		EADCFFCA243C57B4005D5502 /* Release */ = {
			isa = XCBuildConfiguration;
			buildSettings = {
				ALWAYS_SEARCH_USER_PATHS = NO;
				CLANG_ANALYZER_NONNULL = YES;
				CLANG_ANALYZER_NUMBER_OBJECT_CONVERSION = YES_AGGRESSIVE;
				CLANG_CXX_LANGUAGE_STANDARD = "gnu++14";
				CLANG_CXX_LIBRARY = "libc++";
				CLANG_ENABLE_MODULES = YES;
				CLANG_ENABLE_OBJC_ARC = YES;
				CLANG_ENABLE_OBJC_WEAK = YES;
				CLANG_WARN_BLOCK_CAPTURE_AUTORELEASING = YES;
				CLANG_WARN_BOOL_CONVERSION = YES;
				CLANG_WARN_COMMA = YES;
				CLANG_WARN_CONSTANT_CONVERSION = YES;
				CLANG_WARN_DEPRECATED_OBJC_IMPLEMENTATIONS = YES;
				CLANG_WARN_DIRECT_OBJC_ISA_USAGE = YES_ERROR;
				CLANG_WARN_DOCUMENTATION_COMMENTS = YES;
				CLANG_WARN_EMPTY_BODY = YES;
				CLANG_WARN_ENUM_CONVERSION = YES;
				CLANG_WARN_INFINITE_RECURSION = YES;
				CLANG_WARN_INT_CONVERSION = YES;
				CLANG_WARN_NON_LITERAL_NULL_CONVERSION = YES;
				CLANG_WARN_OBJC_IMPLICIT_RETAIN_SELF = YES;
				CLANG_WARN_OBJC_LITERAL_CONVERSION = YES;
				CLANG_WARN_OBJC_ROOT_CLASS = YES_ERROR;
				CLANG_WARN_RANGE_LOOP_ANALYSIS = YES;
				CLANG_WARN_STRICT_PROTOTYPES = YES;
				CLANG_WARN_SUSPICIOUS_MOVE = YES;
				CLANG_WARN_UNGUARDED_AVAILABILITY = YES_AGGRESSIVE;
				CLANG_WARN_UNREACHABLE_CODE = YES;
				CLANG_WARN__DUPLICATE_METHOD_MATCH = YES;
				COPY_PHASE_STRIP = NO;
				DEBUG_INFORMATION_FORMAT = "dwarf-with-dsym";
				ENABLE_NS_ASSERTIONS = NO;
				ENABLE_STRICT_OBJC_MSGSEND = YES;
				GCC_C_LANGUAGE_STANDARD = gnu11;
				GCC_NO_COMMON_BLOCKS = YES;
				GCC_WARN_64_TO_32_BIT_CONVERSION = YES;
				GCC_WARN_ABOUT_RETURN_TYPE = YES_ERROR;
				GCC_WARN_UNDECLARED_SELECTOR = YES;
				GCC_WARN_UNINITIALIZED_AUTOS = YES_AGGRESSIVE;
				GCC_WARN_UNUSED_FUNCTION = YES;
				GCC_WARN_UNUSED_VARIABLE = YES;
				IPHONEOS_DEPLOYMENT_TARGET = 13.2;
				MTL_ENABLE_DEBUG_INFO = NO;
				MTL_FAST_MATH = YES;
				SDKROOT = iphoneos;
				SWIFT_COMPILATION_MODE = wholemodule;
				SWIFT_OPTIMIZATION_LEVEL = "-O";
				VALIDATE_PRODUCT = YES;
			};
			name = Release;
		};
		EADCFFCC243C57B4005D5502 /* Debug */ = {
			isa = XCBuildConfiguration;
			baseConfigurationReference = 80F532EF0F5C7D6DF3483A47 /* Pods-prox_iMuzic.debug.xcconfig */;
			buildSettings = {
				ASSETCATALOG_COMPILER_APPICON_NAME = AppIcon;
				CODE_SIGN_IDENTITY = "iPhone Distribution";
				CODE_SIGN_STYLE = Manual;
				CURRENT_PROJECT_VERSION = 3;
				DEVELOPMENT_TEAM = 374Z27ML26;
				INFOPLIST_FILE = "$(SRCROOT)/prox_iMuzic/App/Info.plist";
				IPHONEOS_DEPLOYMENT_TARGET = 10.3;
				LD_RUNPATH_SEARCH_PATHS = (
					"$(inherited)",
					"@executable_path/Frameworks",
				);
				PRODUCT_BUNDLE_IDENTIFIER = com.prox.music;
				PRODUCT_NAME = "$(TARGET_NAME)";
				PROVISIONING_PROFILE_SPECIFIER = "Music Store";
				SWIFT_VERSION = 5.0;
				TARGETED_DEVICE_FAMILY = 1;
			};
			name = Debug;
		};
		EADCFFCD243C57B4005D5502 /* Release */ = {
			isa = XCBuildConfiguration;
			baseConfigurationReference = 70913BFDD176EEA5EA505627 /* Pods-prox_iMuzic.release.xcconfig */;
			buildSettings = {
				ASSETCATALOG_COMPILER_APPICON_NAME = AppIcon;
				CODE_SIGN_IDENTITY = "iPhone Distribution";
				CODE_SIGN_STYLE = Manual;
				CURRENT_PROJECT_VERSION = 3;
				DEVELOPMENT_TEAM = 374Z27ML26;
				INFOPLIST_FILE = "$(SRCROOT)/prox_iMuzic/App/Info.plist";
				IPHONEOS_DEPLOYMENT_TARGET = 10.3;
				LD_RUNPATH_SEARCH_PATHS = (
					"$(inherited)",
					"@executable_path/Frameworks",
				);
				PRODUCT_BUNDLE_IDENTIFIER = com.prox.music;
				PRODUCT_NAME = "$(TARGET_NAME)";
				PROVISIONING_PROFILE_SPECIFIER = "Music Store";
				SWIFT_VERSION = 5.0;
				TARGETED_DEVICE_FAMILY = 1;
			};
			name = Release;
		};
/* End XCBuildConfiguration section */

/* Begin XCConfigurationList section */
		EADCFFB2243C57AF005D5502 /* Build configuration list for PBXProject "prox_iMuzic" */ = {
			isa = XCConfigurationList;
			buildConfigurations = (
				EADCFFC9243C57B4005D5502 /* Debug */,
				EADCFFCA243C57B4005D5502 /* Release */,
			);
			defaultConfigurationIsVisible = 0;
			defaultConfigurationName = Release;
		};
		EADCFFCB243C57B4005D5502 /* Build configuration list for PBXNativeTarget "prox_iMuzic" */ = {
			isa = XCConfigurationList;
			buildConfigurations = (
				EADCFFCC243C57B4005D5502 /* Debug */,
				EADCFFCD243C57B4005D5502 /* Release */,
			);
			defaultConfigurationIsVisible = 0;
			defaultConfigurationName = Release;
		};
/* End XCConfigurationList section */
	};
	rootObject = EADCFFAF243C57AF005D5502 /* Project object */;
}
